{
  "version": 4,
  "terraform_version": "0.14.5",
  "serial": 64,
  "lineage": "f6432186-9112-8bdd-0252-b2fd73098315",
  "outputs": {},
  "resources": [
    {
      "mode": "managed",
      "type": "azurerm_lb",
      "name": "lb",
      "provider": "provider[\"registry.terraform.io/hashicorp/azurerm\"]",
      "instances": [
        {
          "schema_version": 0,
          "attributes": {
            "frontend_ip_configuration": [
              {
                "id": "/subscriptions/9959be41-5330-415e-8fb0-4709f25ccaec/resourceGroups/nordcloud_assignment/providers/Microsoft.Network/loadBalancers/LoadBalancer/frontendIPConfigurations/PublicIPAddress",
                "inbound_nat_rules": [],
                "load_balancer_rules": [
                  "/subscriptions/9959be41-5330-415e-8fb0-4709f25ccaec/resourceGroups/nordcloud_assignment/providers/Microsoft.Network/loadBalancers/LoadBalancer/loadBalancingRules/http"
                ],
                "name": "PublicIPAddress",
                "outbound_rules": [],
                "private_ip_address": "",
                "private_ip_address_allocation": "Dynamic",
                "private_ip_address_version": "IPv4",
                "public_ip_address_id": "/subscriptions/9959be41-5330-415e-8fb0-4709f25ccaec/resourceGroups/nordcloud_assignment/providers/Microsoft.Network/publicIPAddresses/PublicIPForLB",
                "public_ip_prefix_id": "",
                "subnet_id": "",
                "zones": []
              }
            ],
            "id": "/subscriptions/9959be41-5330-415e-8fb0-4709f25ccaec/resourceGroups/nordcloud_assignment/providers/Microsoft.Network/loadBalancers/LoadBalancer",
            "location": "westeurope",
            "name": "LoadBalancer",
            "private_ip_address": "",
            "private_ip_addresses": [],
            "resource_group_name": "nordcloud_assignment",
            "sku": "Basic",
            "tags": {},
            "timeouts": null
          },
          "sensitive_attributes": [],
          "private": "eyJlMmJmYjczMC1lY2FhLTExZTYtOGY4OC0zNDM2M2JjN2M0YzAiOnsiY3JlYXRlIjoxODAwMDAwMDAwMDAwLCJkZWxldGUiOjE4MDAwMDAwMDAwMDAsInJlYWQiOjMwMDAwMDAwMDAwMCwidXBkYXRlIjoxODAwMDAwMDAwMDAwfX0=",
          "dependencies": [
            "azurerm_public_ip.lbpip",
            "azurerm_resource_group.rg"
          ]
        }
      ]
    },
    {
      "mode": "managed",
      "type": "azurerm_lb",
      "name": "lb2",
      "provider": "provider[\"registry.terraform.io/hashicorp/azurerm\"]",
      "instances": [
        {
          "schema_version": 0,
          "attributes": {
            "frontend_ip_configuration": [
              {
                "id": "/subscriptions/9959be41-5330-415e-8fb0-4709f25ccaec/resourceGroups/nordcloud_assignment2/providers/Microsoft.Network/loadBalancers/LoadBalancer2/frontendIPConfigurations/PublicIPAddress",
                "inbound_nat_rules": [],
                "load_balancer_rules": [
                  "/subscriptions/9959be41-5330-415e-8fb0-4709f25ccaec/resourceGroups/nordcloud_assignment2/providers/Microsoft.Network/loadBalancers/LoadBalancer2/loadBalancingRules/http"
                ],
                "name": "PublicIPAddress",
                "outbound_rules": [],
                "private_ip_address": "",
                "private_ip_address_allocation": "Dynamic",
                "private_ip_address_version": "IPv4",
                "public_ip_address_id": "/subscriptions/9959be41-5330-415e-8fb0-4709f25ccaec/resourceGroups/nordcloud_assignment2/providers/Microsoft.Network/publicIPAddresses/PublicIPForLB2",
                "public_ip_prefix_id": "",
                "subnet_id": "",
                "zones": []
              }
            ],
            "id": "/subscriptions/9959be41-5330-415e-8fb0-4709f25ccaec/resourceGroups/nordcloud_assignment2/providers/Microsoft.Network/loadBalancers/LoadBalancer2",
            "location": "northeurope",
            "name": "LoadBalancer2",
            "private_ip_address": "",
            "private_ip_addresses": [],
            "resource_group_name": "nordcloud_assignment2",
            "sku": "Basic",
            "tags": {},
            "timeouts": null
          },
          "sensitive_attributes": [],
          "private": "eyJlMmJmYjczMC1lY2FhLTExZTYtOGY4OC0zNDM2M2JjN2M0YzAiOnsiY3JlYXRlIjoxODAwMDAwMDAwMDAwLCJkZWxldGUiOjE4MDAwMDAwMDAwMDAsInJlYWQiOjMwMDAwMDAwMDAwMCwidXBkYXRlIjoxODAwMDAwMDAwMDAwfX0=",
          "dependencies": [
            "azurerm_public_ip.lbpip2",
            "azurerm_resource_group.rg2"
          ]
        }
      ]
    },
    {
      "mode": "managed",
      "type": "azurerm_lb_backend_address_pool",
      "name": "bpepool",
      "provider": "provider[\"registry.terraform.io/hashicorp/azurerm\"]",
      "instances": [
        {
          "schema_version": 0,
          "attributes": {
            "backend_ip_configurations": [
              "/subscriptions/9959be41-5330-415e-8fb0-4709f25ccaec/resourceGroups/nordcloud_assignment/providers/Microsoft.Compute/virtualMachineScaleSets/notejamvmss/virtualMachines/0/networkInterfaces/nic/ipConfigurations/internal"
            ],
            "id": "/subscriptions/9959be41-5330-415e-8fb0-4709f25ccaec/resourceGroups/nordcloud_assignment/providers/Microsoft.Network/loadBalancers/LoadBalancer/backendAddressPools/BackEndAddressPool",
            "load_balancing_rules": [
              "/subscriptions/9959be41-5330-415e-8fb0-4709f25ccaec/resourceGroups/nordcloud_assignment/providers/Microsoft.Network/loadBalancers/LoadBalancer/loadBalancingRules/http"
            ],
            "loadbalancer_id": "/subscriptions/9959be41-5330-415e-8fb0-4709f25ccaec/resourceGroups/nordcloud_assignment/providers/Microsoft.Network/loadBalancers/LoadBalancer",
            "name": "BackEndAddressPool",
            "resource_group_name": "nordcloud_assignment",
            "timeouts": null
          },
          "sensitive_attributes": [],
          "private": "eyJlMmJmYjczMC1lY2FhLTExZTYtOGY4OC0zNDM2M2JjN2M0YzAiOnsiY3JlYXRlIjoxODAwMDAwMDAwMDAwLCJkZWxldGUiOjE4MDAwMDAwMDAwMDAsInJlYWQiOjMwMDAwMDAwMDAwMCwidXBkYXRlIjoxODAwMDAwMDAwMDAwfX0=",
          "dependencies": [
            "azurerm_lb.lb",
            "azurerm_public_ip.lbpip",
            "azurerm_resource_group.rg"
          ]
        }
      ]
    },
    {
      "mode": "managed",
      "type": "azurerm_lb_backend_address_pool",
      "name": "bpepool2",
      "provider": "provider[\"registry.terraform.io/hashicorp/azurerm\"]",
      "instances": [
        {
          "schema_version": 0,
          "attributes": {
            "backend_ip_configurations": [
              "/subscriptions/9959be41-5330-415e-8fb0-4709f25ccaec/resourceGroups/nordcloud_assignment2/providers/Microsoft.Compute/virtualMachineScaleSets/notejamvmss2/virtualMachines/1/networkInterfaces/nic2/ipConfigurations/internal"
            ],
            "id": "/subscriptions/9959be41-5330-415e-8fb0-4709f25ccaec/resourceGroups/nordcloud_assignment2/providers/Microsoft.Network/loadBalancers/LoadBalancer2/backendAddressPools/BackEndAddressPool",
            "load_balancing_rules": [
              "/subscriptions/9959be41-5330-415e-8fb0-4709f25ccaec/resourceGroups/nordcloud_assignment2/providers/Microsoft.Network/loadBalancers/LoadBalancer2/loadBalancingRules/http"
            ],
            "loadbalancer_id": "/subscriptions/9959be41-5330-415e-8fb0-4709f25ccaec/resourceGroups/nordcloud_assignment2/providers/Microsoft.Network/loadBalancers/LoadBalancer2",
            "name": "BackEndAddressPool",
            "resource_group_name": "nordcloud_assignment2",
            "timeouts": null
          },
          "sensitive_attributes": [],
          "private": "eyJlMmJmYjczMC1lY2FhLTExZTYtOGY4OC0zNDM2M2JjN2M0YzAiOnsiY3JlYXRlIjoxODAwMDAwMDAwMDAwLCJkZWxldGUiOjE4MDAwMDAwMDAwMDAsInJlYWQiOjMwMDAwMDAwMDAwMCwidXBkYXRlIjoxODAwMDAwMDAwMDAwfX0=",
          "dependencies": [
            "azurerm_lb.lb2",
            "azurerm_public_ip.lbpip2",
            "azurerm_resource_group.rg2"
          ]
        }
      ]
    },
    {
      "mode": "managed",
      "type": "azurerm_linux_virtual_machine_scale_set",
      "name": "vmss",
      "provider": "provider[\"registry.terraform.io/hashicorp/azurerm\"]",
      "instances": [
        {
          "schema_version": 0,
          "attributes": {
            "additional_capabilities": [],
            "admin_password": "Nordclouder1!",
            "admin_ssh_key": [],
            "admin_username": "Nordcloud",
            "automatic_instance_repair": [
              {
                "enabled": false,
                "grace_period": "PT30M"
              }
            ],
            "automatic_os_upgrade_policy": [],
            "boot_diagnostics": [],
            "computer_name_prefix": "notejamvmss",
            "custom_data": null,
            "data_disk": [],
            "disable_password_authentication": false,
            "do_not_run_extensions_on_overprovisioned_machines": false,
            "encryption_at_host_enabled": false,
            "eviction_policy": "",
            "extension": [],
            "extensions_time_budget": "PT1H30M",
            "health_probe_id": "",
            "id": "/subscriptions/9959be41-5330-415e-8fb0-4709f25ccaec/resourceGroups/nordcloud_assignment/providers/Microsoft.Compute/virtualMachineScaleSets/notejamvmss",
            "identity": [],
            "instances": 1,
            "location": "westeurope",
            "max_bid_price": -1,
            "name": "notejamvmss",
            "network_interface": [
              {
                "dns_servers": [],
                "enable_accelerated_networking": false,
                "enable_ip_forwarding": false,
                "ip_configuration": [
                  {
                    "application_gateway_backend_address_pool_ids": [],
                    "application_security_group_ids": [],
                    "load_balancer_backend_address_pool_ids": [
                      "/subscriptions/9959be41-5330-415e-8fb0-4709f25ccaec/resourceGroups/nordcloud_assignment/providers/Microsoft.Network/loadBalancers/LoadBalancer/backendAddressPools/BackEndAddressPool"
                    ],
                    "load_balancer_inbound_nat_rules_ids": [],
                    "name": "internal",
                    "primary": true,
                    "public_ip_address": [],
                    "subnet_id": "/subscriptions/9959be41-5330-415e-8fb0-4709f25ccaec/resourceGroups/nordcloud_assignment/providers/Microsoft.Network/virtualNetworks/vmnetwork/subnets/internal",
                    "version": "IPv4"
                  }
                ],
                "name": "nic",
                "network_security_group_id": "",
                "primary": true
              }
            ],
            "os_disk": [
              {
                "caching": "ReadWrite",
                "diff_disk_settings": [],
                "disk_encryption_set_id": "",
                "disk_size_gb": 30,
                "storage_account_type": "Standard_LRS",
                "write_accelerator_enabled": false
              }
            ],
            "overprovision": true,
            "plan": [],
            "platform_fault_domain_count": 0,
            "priority": "Regular",
            "provision_vm_agent": true,
            "proximity_placement_group_id": "",
            "resource_group_name": "nordcloud_assignment",
            "rolling_upgrade_policy": [],
            "scale_in_policy": "Default",
            "secret": [],
            "single_placement_group": true,
            "sku": "Standard_B1ms",
            "source_image_id": "",
            "source_image_reference": [
              {
                "offer": "UbuntuServer",
                "publisher": "Canonical",
                "sku": "18.04-LTS",
                "version": "latest"
              }
            ],
            "tags": {},
            "terminate_notification": [],
            "timeouts": null,
            "unique_id": "51e6b39e-d8b7-467b-b175-5f682e27db12",
            "upgrade_mode": "Manual",
            "zone_balance": false,
            "zones": []
          },
          "sensitive_attributes": [],
          "private": "eyJlMmJmYjczMC1lY2FhLTExZTYtOGY4OC0zNDM2M2JjN2M0YzAiOnsiY3JlYXRlIjoxODAwMDAwMDAwMDAwLCJkZWxldGUiOjE4MDAwMDAwMDAwMDAsInJlYWQiOjMwMDAwMDAwMDAwMCwidXBkYXRlIjozNjAwMDAwMDAwMDAwfX0=",
          "dependencies": [
            "azurerm_lb.lb",
            "azurerm_lb_backend_address_pool.bpepool",
            "azurerm_public_ip.lbpip",
            "azurerm_resource_group.rg",
            "azurerm_subnet.snet",
            "azurerm_virtual_network.vnet"
          ]
        }
      ]
    },
    {
      "mode": "managed",
      "type": "azurerm_linux_virtual_machine_scale_set",
      "name": "vmss2",
      "provider": "provider[\"registry.terraform.io/hashicorp/azurerm\"]",
      "instances": [
        {
          "schema_version": 0,
          "attributes": {
            "additional_capabilities": [],
            "admin_password": "Nordclouder1!",
            "admin_ssh_key": [],
            "admin_username": "Nordcloud",
            "automatic_instance_repair": [
              {
                "enabled": false,
                "grace_period": "PT30M"
              }
            ],
            "automatic_os_upgrade_policy": [],
            "boot_diagnostics": [],
            "computer_name_prefix": "notejamvmss2",
            "custom_data": null,
            "data_disk": [],
            "disable_password_authentication": false,
            "do_not_run_extensions_on_overprovisioned_machines": false,
            "encryption_at_host_enabled": false,
            "eviction_policy": "",
            "extension": [],
            "extensions_time_budget": "PT1H30M",
            "health_probe_id": "",
            "id": "/subscriptions/9959be41-5330-415e-8fb0-4709f25ccaec/resourceGroups/nordcloud_assignment2/providers/Microsoft.Compute/virtualMachineScaleSets/notejamvmss2",
            "identity": [],
            "instances": 1,
            "location": "northeurope",
            "max_bid_price": -1,
            "name": "notejamvmss2",
            "network_interface": [
              {
                "dns_servers": [],
                "enable_accelerated_networking": false,
                "enable_ip_forwarding": false,
                "ip_configuration": [
                  {
                    "application_gateway_backend_address_pool_ids": [],
                    "application_security_group_ids": [],
                    "load_balancer_backend_address_pool_ids": [
                      "/subscriptions/9959be41-5330-415e-8fb0-4709f25ccaec/resourceGroups/nordcloud_assignment2/providers/Microsoft.Network/loadBalancers/LoadBalancer2/backendAddressPools/BackEndAddressPool"
                    ],
                    "load_balancer_inbound_nat_rules_ids": [],
                    "name": "internal",
                    "primary": true,
                    "public_ip_address": [],
                    "subnet_id": "/subscriptions/9959be41-5330-415e-8fb0-4709f25ccaec/resourceGroups/nordcloud_assignment2/providers/Microsoft.Network/virtualNetworks/vmnetwork/subnets/internal",
                    "version": "IPv4"
                  }
                ],
                "name": "nic2",
                "network_security_group_id": "",
                "primary": true
              }
            ],
            "os_disk": [
              {
                "caching": "ReadWrite",
                "diff_disk_settings": [],
                "disk_encryption_set_id": "",
                "disk_size_gb": 30,
                "storage_account_type": "Standard_LRS",
                "write_accelerator_enabled": false
              }
            ],
            "overprovision": true,
            "plan": [],
            "platform_fault_domain_count": 0,
            "priority": "Regular",
            "provision_vm_agent": true,
            "proximity_placement_group_id": "",
            "resource_group_name": "nordcloud_assignment2",
            "rolling_upgrade_policy": [],
            "scale_in_policy": "Default",
            "secret": [],
            "single_placement_group": true,
            "sku": "Standard_B1ms",
            "source_image_id": "",
            "source_image_reference": [
              {
                "offer": "UbuntuServer",
                "publisher": "Canonical",
                "sku": "18.04-LTS",
                "version": "latest"
              }
            ],
            "tags": {},
            "terminate_notification": [],
            "timeouts": null,
            "unique_id": "07fd9ace-8d02-48be-a4e8-9f2e68678e90",
            "upgrade_mode": "Manual",
            "zone_balance": false,
            "zones": []
          },
          "sensitive_attributes": [],
          "private": "eyJlMmJmYjczMC1lY2FhLTExZTYtOGY4OC0zNDM2M2JjN2M0YzAiOnsiY3JlYXRlIjoxODAwMDAwMDAwMDAwLCJkZWxldGUiOjE4MDAwMDAwMDAwMDAsInJlYWQiOjMwMDAwMDAwMDAwMCwidXBkYXRlIjozNjAwMDAwMDAwMDAwfX0=",
          "dependencies": [
            "azurerm_lb.lb2",
            "azurerm_lb_backend_address_pool.bpepool2",
            "azurerm_public_ip.lbpip2",
            "azurerm_resource_group.rg2",
            "azurerm_subnet.snet2",
            "azurerm_virtual_network.vnet2"
          ]
        }
      ]
    },
    {
      "mode": "managed",
      "type": "azurerm_public_ip",
      "name": "lbpip",
      "provider": "provider[\"registry.terraform.io/hashicorp/azurerm\"]",
      "instances": [
        {
          "schema_version": 0,
          "attributes": {
            "allocation_method": "Static",
            "domain_name_label": "notejamwe",
            "fqdn": "notejamwe.westeurope.cloudapp.azure.com",
            "id": "/subscriptions/9959be41-5330-415e-8fb0-4709f25ccaec/resourceGroups/nordcloud_assignment/providers/Microsoft.Network/publicIPAddresses/PublicIPForLB",
            "idle_timeout_in_minutes": 4,
            "ip_address": "20.71.136.237",
            "ip_version": "IPv4",
            "location": "westeurope",
            "name": "PublicIPForLB",
            "public_ip_prefix_id": null,
            "resource_group_name": "nordcloud_assignment",
            "reverse_fqdn": "",
            "sku": "Basic",
            "tags": {},
            "timeouts": null,
            "zones": []
          },
          "sensitive_attributes": [],
          "private": "eyJlMmJmYjczMC1lY2FhLTExZTYtOGY4OC0zNDM2M2JjN2M0YzAiOnsiY3JlYXRlIjoxODAwMDAwMDAwMDAwLCJkZWxldGUiOjE4MDAwMDAwMDAwMDAsInJlYWQiOjMwMDAwMDAwMDAwMCwidXBkYXRlIjoxODAwMDAwMDAwMDAwfX0=",
          "dependencies": [
            "azurerm_resource_group.rg"
          ]
        }
      ]
    },
    {
      "mode": "managed",
      "type": "azurerm_public_ip",
      "name": "lbpip2",
      "provider": "provider[\"registry.terraform.io/hashicorp/azurerm\"]",
      "instances": [
        {
          "schema_version": 0,
          "attributes": {
            "allocation_method": "Static",
            "domain_name_label": "notejamne",
            "fqdn": "notejamne.northeurope.cloudapp.azure.com",
            "id": "/subscriptions/9959be41-5330-415e-8fb0-4709f25ccaec/resourceGroups/nordcloud_assignment2/providers/Microsoft.Network/publicIPAddresses/PublicIPForLB2",
            "idle_timeout_in_minutes": 4,
            "ip_address": "52.138.203.86",
            "ip_version": "IPv4",
            "location": "northeurope",
            "name": "PublicIPForLB2",
            "public_ip_prefix_id": null,
            "resource_group_name": "nordcloud_assignment2",
            "reverse_fqdn": "",
            "sku": "Basic",
            "tags": {},
            "timeouts": null,
            "zones": []
          },
          "sensitive_attributes": [],
          "private": "eyJlMmJmYjczMC1lY2FhLTExZTYtOGY4OC0zNDM2M2JjN2M0YzAiOnsiY3JlYXRlIjoxODAwMDAwMDAwMDAwLCJkZWxldGUiOjE4MDAwMDAwMDAwMDAsInJlYWQiOjMwMDAwMDAwMDAwMCwidXBkYXRlIjoxODAwMDAwMDAwMDAwfX0=",
          "dependencies": [
            "azurerm_resource_group.rg2"
          ]
        }
      ]
    },
    {
      "mode": "managed",
      "type": "azurerm_resource_group",
      "name": "rg",
      "provider": "provider[\"registry.terraform.io/hashicorp/azurerm\"]",
      "instances": [
        {
          "schema_version": 0,
          "attributes": {
            "id": "/subscriptions/9959be41-5330-415e-8fb0-4709f25ccaec/resourceGroups/nordcloud_assignment",
            "location": "westeurope",
            "name": "nordcloud_assignment",
            "tags": {},
            "timeouts": null
          },
          "sensitive_attributes": [],
          "private": "eyJlMmJmYjczMC1lY2FhLTExZTYtOGY4OC0zNDM2M2JjN2M0YzAiOnsiY3JlYXRlIjo1NDAwMDAwMDAwMDAwLCJkZWxldGUiOjU0MDAwMDAwMDAwMDAsInJlYWQiOjMwMDAwMDAwMDAwMCwidXBkYXRlIjo1NDAwMDAwMDAwMDAwfX0="
        }
      ]
    },
    {
      "mode": "managed",
      "type": "azurerm_resource_group",
      "name": "rg2",
      "provider": "provider[\"registry.terraform.io/hashicorp/azurerm\"]",
      "instances": [
        {
          "schema_version": 0,
          "attributes": {
            "id": "/subscriptions/9959be41-5330-415e-8fb0-4709f25ccaec/resourceGroups/nordcloud_assignment2",
            "location": "northeurope",
            "name": "nordcloud_assignment2",
            "tags": {},
            "timeouts": null
          },
          "sensitive_attributes": [],
          "private": "eyJlMmJmYjczMC1lY2FhLTExZTYtOGY4OC0zNDM2M2JjN2M0YzAiOnsiY3JlYXRlIjo1NDAwMDAwMDAwMDAwLCJkZWxldGUiOjU0MDAwMDAwMDAwMDAsInJlYWQiOjMwMDAwMDAwMDAwMCwidXBkYXRlIjo1NDAwMDAwMDAwMDAwfX0="
        }
      ]
    },
    {
      "mode": "managed",
      "type": "azurerm_subnet",
      "name": "snet",
      "provider": "provider[\"registry.terraform.io/hashicorp/azurerm\"]",
      "instances": [
        {
          "schema_version": 0,
          "attributes": {
            "address_prefix": "10.0.1.0/24",
            "address_prefixes": [
              "10.0.1.0/24"
            ],
            "delegation": [],
            "enforce_private_link_endpoint_network_policies": false,
            "enforce_private_link_service_network_policies": false,
            "id": "/subscriptions/9959be41-5330-415e-8fb0-4709f25ccaec/resourceGroups/nordcloud_assignment/providers/Microsoft.Network/virtualNetworks/vmnetwork/subnets/internal",
            "name": "internal",
            "resource_group_name": "nordcloud_assignment",
            "service_endpoint_policy_ids": [],
            "service_endpoints": [],
            "timeouts": null,
            "virtual_network_name": "vmnetwork"
          },
          "sensitive_attributes": [],
          "private": "eyJlMmJmYjczMC1lY2FhLTExZTYtOGY4OC0zNDM2M2JjN2M0YzAiOnsiY3JlYXRlIjoxODAwMDAwMDAwMDAwLCJkZWxldGUiOjE4MDAwMDAwMDAwMDAsInJlYWQiOjMwMDAwMDAwMDAwMCwidXBkYXRlIjoxODAwMDAwMDAwMDAwfX0=",
          "dependencies": [
            "azurerm_resource_group.rg",
            "azurerm_virtual_network.vnet"
          ]
        }
      ]
    },
    {
      "mode": "managed",
      "type": "azurerm_subnet",
      "name": "snet2",
      "provider": "provider[\"registry.terraform.io/hashicorp/azurerm\"]",
      "instances": [
        {
          "schema_version": 0,
          "attributes": {
            "address_prefix": "10.0.1.0/24",
            "address_prefixes": [
              "10.0.1.0/24"
            ],
            "delegation": [],
            "enforce_private_link_endpoint_network_policies": false,
            "enforce_private_link_service_network_policies": false,
            "id": "/subscriptions/9959be41-5330-415e-8fb0-4709f25ccaec/resourceGroups/nordcloud_assignment2/providers/Microsoft.Network/virtualNetworks/vmnetwork/subnets/internal",
            "name": "internal",
            "resource_group_name": "nordcloud_assignment2",
            "service_endpoint_policy_ids": [],
            "service_endpoints": [],
            "timeouts": null,
            "virtual_network_name": "vmnetwork"
          },
          "sensitive_attributes": [],
          "private": "eyJlMmJmYjczMC1lY2FhLTExZTYtOGY4OC0zNDM2M2JjN2M0YzAiOnsiY3JlYXRlIjoxODAwMDAwMDAwMDAwLCJkZWxldGUiOjE4MDAwMDAwMDAwMDAsInJlYWQiOjMwMDAwMDAwMDAwMCwidXBkYXRlIjoxODAwMDAwMDAwMDAwfX0=",
          "dependencies": [
            "azurerm_resource_group.rg2",
            "azurerm_virtual_network.vnet2"
          ]
        }
      ]
    },
    {
      "mode": "managed",
      "type": "azurerm_virtual_machine_scale_set_extension",
      "name": "script",
      "provider": "provider[\"registry.terraform.io/hashicorp/azurerm\"]",
      "instances": [
        {
          "schema_version": 0,
          "attributes": {
            "auto_upgrade_minor_version": true,
            "force_update_tag": "",
            "id": "/subscriptions/9959be41-5330-415e-8fb0-4709f25ccaec/resourceGroups/nordcloud_assignment/providers/Microsoft.Compute/virtualMachineScaleSets/notejamvmss/extensions/server",
            "name": "server",
            "protected_settings": null,
            "provision_after_extensions": [],
            "publisher": "Microsoft.Azure.Extensions",
            "settings": "{\"commandToExecute\":\"chmod +x configureServer.sh \\u0026\\u0026 sh configureServer.sh\",\"fileUris\":[\"https://raw.githubusercontent.com/KostaS10/notejam/master/configureServer.sh\"]}",
            "timeouts": null,
            "type": "CustomScript",
            "type_handler_version": "2.0",
            "virtual_machine_scale_set_id": "/subscriptions/9959be41-5330-415e-8fb0-4709f25ccaec/resourceGroups/nordcloud_assignment/providers/Microsoft.Compute/virtualMachineScaleSets/notejamvmss"
          },
          "sensitive_attributes": []
        }
      ]
    },
    {
      "mode": "managed",
      "type": "azurerm_virtual_machine_scale_set_extension",
      "name": "script2",
      "provider": "provider[\"registry.terraform.io/hashicorp/azurerm\"]",
      "instances": [
        {
          "schema_version": 0,
          "attributes": {
            "auto_upgrade_minor_version": true,
            "force_update_tag": "",
            "id": "/subscriptions/9959be41-5330-415e-8fb0-4709f25ccaec/resourceGroups/nordcloud_assignment2/providers/Microsoft.Compute/virtualMachineScaleSets/notejamvmss2/extensions/server",
            "name": "server",
            "protected_settings": null,
            "provision_after_extensions": [],
            "publisher": "Microsoft.Azure.Extensions",
            "settings": "{\"commandToExecute\":\"chmod +x configureServer.sh \\u0026\\u0026 sh configureServer.sh\",\"fileUris\":[\"https://raw.githubusercontent.com/KostaS10/notejam/master/configureServer.sh\"]}",
            "timeouts": null,
            "type": "CustomScript",
            "type_handler_version": "2.0",
            "virtual_machine_scale_set_id": "/subscriptions/9959be41-5330-415e-8fb0-4709f25ccaec/resourceGroups/nordcloud_assignment2/providers/Microsoft.Compute/virtualMachineScaleSets/notejamvmss2"
          },
          "sensitive_attributes": []
        }
      ]
    },
    {
      "mode": "managed",
      "type": "azurerm_virtual_network",
      "name": "vnet",
      "provider": "provider[\"registry.terraform.io/hashicorp/azurerm\"]",
      "instances": [
        {
          "schema_version": 0,
          "attributes": {
            "address_space": [
              "10.0.0.0/16"
            ],
            "bgp_community": "",
            "ddos_protection_plan": [],
            "dns_servers": [],
            "guid": "cdeb004e-280c-4900-bf93-0117409df2d8",
            "id": "/subscriptions/9959be41-5330-415e-8fb0-4709f25ccaec/resourceGroups/nordcloud_assignment/providers/Microsoft.Network/virtualNetworks/vmnetwork",
            "location": "westeurope",
            "name": "vmnetwork",
            "resource_group_name": "nordcloud_assignment",
            "subnet": [
              {
                "address_prefix": "10.0.1.0/24",
                "id": "/subscriptions/9959be41-5330-415e-8fb0-4709f25ccaec/resourceGroups/nordcloud_assignment/providers/Microsoft.Network/virtualNetworks/vmnetwork/subnets/internal",
                "name": "internal",
                "security_group": ""
              }
            ],
            "tags": {},
            "timeouts": null,
            "vm_protection_enabled": false
          },
          "sensitive_attributes": [],
          "private": "eyJlMmJmYjczMC1lY2FhLTExZTYtOGY4OC0zNDM2M2JjN2M0YzAiOnsiY3JlYXRlIjoxODAwMDAwMDAwMDAwLCJkZWxldGUiOjE4MDAwMDAwMDAwMDAsInJlYWQiOjMwMDAwMDAwMDAwMCwidXBkYXRlIjoxODAwMDAwMDAwMDAwfX0=",
          "dependencies": [
            "azurerm_resource_group.rg"
          ]
        }
      ]
    },
    {
      "mode": "managed",
      "type": "azurerm_virtual_network",
      "name": "vnet2",
      "provider": "provider[\"registry.terraform.io/hashicorp/azurerm\"]",
      "instances": [
        {
          "schema_version": 0,
          "attributes": {
            "address_space": [
              "10.0.0.0/16"
            ],
            "bgp_community": "",
            "ddos_protection_plan": [],
            "dns_servers": [],
            "guid": "95d71950-da3d-4a4b-9a58-08fb9613c3f4",
            "id": "/subscriptions/9959be41-5330-415e-8fb0-4709f25ccaec/resourceGroups/nordcloud_assignment2/providers/Microsoft.Network/virtualNetworks/vmnetwork",
            "location": "northeurope",
            "name": "vmnetwork",
            "resource_group_name": "nordcloud_assignment2",
            "subnet": [
              {
                "address_prefix": "10.0.1.0/24",
                "id": "/subscriptions/9959be41-5330-415e-8fb0-4709f25ccaec/resourceGroups/nordcloud_assignment2/providers/Microsoft.Network/virtualNetworks/vmnetwork/subnets/internal",
                "name": "internal",
                "security_group": ""
              }
            ],
            "tags": {},
            "timeouts": null,
            "vm_protection_enabled": false
          },
          "sensitive_attributes": [],
          "private": "eyJlMmJmYjczMC1lY2FhLTExZTYtOGY4OC0zNDM2M2JjN2M0YzAiOnsiY3JlYXRlIjoxODAwMDAwMDAwMDAwLCJkZWxldGUiOjE4MDAwMDAwMDAwMDAsInJlYWQiOjMwMDAwMDAwMDAwMCwidXBkYXRlIjoxODAwMDAwMDAwMDAwfX0=",
          "dependencies": [
            "azurerm_resource_group.rg2"
          ]
        }
      ]
    }
  ]
}
