{
  "version": 4,
  "terraform_version": "0.14.5",
  "serial": 48,
  "lineage": "f6432186-9112-8bdd-0252-b2fd73098315",
  "outputs": {},
  "resources": [
    {
      "mode": "managed",
      "type": "azurerm_frontdoor",
      "name": "fd",
      "provider": "provider[\"registry.terraform.io/hashicorp/azurerm\"]",
      "instances": [
        {
          "schema_version": 2,
          "attributes": {
            "backend_pool": [
              {
                "backend": [
                  {
                    "address": "notejamwe.westeurope.cloudapp.azure.com",
                    "enabled": true,
                    "host_header": "notejamwe.westeurope.cloudapp.azure.com",
                    "http_port": 80,
                    "https_port": 443,
                    "priority": 1,
                    "weight": 50
                  },
                  {
                    "address": "notejamne.northeurope.cloudapp.azure.com",
                    "enabled": true,
                    "host_header": "notejamne.northeurope.cloudapp.azure.com",
                    "http_port": 80,
                    "https_port": 443,
                    "priority": 2,
                    "weight": 50
                  }
                ],
                "health_probe_name": "exampleHealthProbeSetting1",
                "id": "/subscriptions/9959be41-5330-415e-8fb0-4709f25ccaec/resourceGroups/nordcloud_assignment/providers/Microsoft.Network/frontDoors/notejamappfd/backendPools/apps",
                "load_balancing_name": "exampleLoadBalancingSettings1",
                "name": "apps"
              }
            ],
            "backend_pool_health_probe": [
              {
                "enabled": true,
                "id": "/subscriptions/9959be41-5330-415e-8fb0-4709f25ccaec/resourceGroups/nordcloud_assignment/providers/Microsoft.Network/frontDoors/notejamappfd/healthProbeSettings/exampleHealthProbeSetting1",
                "interval_in_seconds": 60,
                "name": "exampleHealthProbeSetting1",
                "path": "/",
                "probe_method": "HEAD",
                "protocol": "Http"
              }
            ],
            "backend_pool_load_balancing": [
              {
                "additional_latency_milliseconds": 0,
                "id": "/subscriptions/9959be41-5330-415e-8fb0-4709f25ccaec/resourceGroups/nordcloud_assignment/providers/Microsoft.Network/frontDoors/notejamappfd/loadBalancingSettings/exampleLoadBalancingSettings1",
                "name": "exampleLoadBalancingSettings1",
                "sample_size": 4,
                "successful_samples_required": 2
              }
            ],
            "backend_pools_send_receive_timeout_seconds": 60,
            "cname": "notejamappfd.azurefd.net",
            "enforce_backend_pools_certificate_name_check": false,
            "friendly_name": "",
            "frontend_endpoint": [
              {
                "custom_https_configuration": [],
                "custom_https_provisioning_enabled": false,
                "host_name": "notejamappfd.azurefd.net",
                "id": "/subscriptions/9959be41-5330-415e-8fb0-4709f25ccaec/resourceGroups/nordcloud_assignment/providers/Microsoft.Network/frontDoors/notejamappfd/frontendEndpoints/frontend",
                "name": "frontend",
                "session_affinity_enabled": true,
                "session_affinity_ttl_seconds": 0,
                "web_application_firewall_policy_link_id": ""
              }
            ],
            "header_frontdoor_id": "d1bcab2f-08f5-49ac-a5a8-3ba56969f94c",
            "id": "/subscriptions/9959be41-5330-415e-8fb0-4709f25ccaec/resourceGroups/nordcloud_assignment/providers/Microsoft.Network/frontDoors/notejamappfd",
            "load_balancer_enabled": true,
            "location": "global",
            "name": "notejamappfd",
            "resource_group_name": "nordcloud_assignment",
            "routing_rule": [
              {
                "accepted_protocols": [
                  "Http",
                  "Https"
                ],
                "enabled": true,
                "forwarding_configuration": [
                  {
                    "backend_pool_name": "apps",
                    "cache_enabled": false,
                    "cache_query_parameter_strip_directive": "StripAll",
                    "cache_use_dynamic_compression": false,
                    "custom_forwarding_path": "",
                    "forwarding_protocol": "HttpOnly"
                  }
                ],
                "frontend_endpoints": [
                  "frontend"
                ],
                "id": "/subscriptions/9959be41-5330-415e-8fb0-4709f25ccaec/resourceGroups/nordcloud_assignment/providers/Microsoft.Network/frontDoors/notejamappfd/routingRules/exampleRoutingRule1",
                "name": "exampleRoutingRule1",
                "patterns_to_match": [
                  "/*"
                ],
                "redirect_configuration": []
              }
            ],
            "tags": {},
            "timeouts": null
          },
          "sensitive_attributes": [],
          "private": "eyJlMmJmYjczMC1lY2FhLTExZTYtOGY4OC0zNDM2M2JjN2M0YzAiOnsiY3JlYXRlIjoyMTYwMDAwMDAwMDAwMCwiZGVsZXRlIjoyMTYwMDAwMDAwMDAwMCwicmVhZCI6MzAwMDAwMDAwMDAwLCJ1cGRhdGUiOjIxNjAwMDAwMDAwMDAwfSwic2NoZW1hX3ZlcnNpb24iOiIyIn0=",
          "dependencies": [
            "azurerm_resource_group.rg"
          ]
        }
      ]
    },
    {
      "mode": "managed",
      "type": "azurerm_lb",
      "name": "lb",
      "provider": "provider[\"registry.terraform.io/hashicorp/azurerm\"]",
      "instances": [
        {
          "schema_version": 0,
          "attributes": {
            "frontend_ip_configuration": [
              {
                "id": "/subscriptions/9959be41-5330-415e-8fb0-4709f25ccaec/resourceGroups/nordcloud_assignment/providers/Microsoft.Network/loadBalancers/LoadBalancer/frontendIPConfigurations/PublicIPAddress",
                "inbound_nat_rules": [],
                "load_balancer_rules": [
                  "/subscriptions/9959be41-5330-415e-8fb0-4709f25ccaec/resourceGroups/nordcloud_assignment/providers/Microsoft.Network/loadBalancers/LoadBalancer/loadBalancingRules/http"
                ],
                "name": "PublicIPAddress",
                "outbound_rules": [],
                "private_ip_address": "",
                "private_ip_address_allocation": "Dynamic",
                "private_ip_address_version": "IPv4",
                "public_ip_address_id": "/subscriptions/9959be41-5330-415e-8fb0-4709f25ccaec/resourceGroups/nordcloud_assignment/providers/Microsoft.Network/publicIPAddresses/PublicIPForLB",
                "public_ip_prefix_id": "",
                "subnet_id": "",
                "zones": []
              }
            ],
            "id": "/subscriptions/9959be41-5330-415e-8fb0-4709f25ccaec/resourceGroups/nordcloud_assignment/providers/Microsoft.Network/loadBalancers/LoadBalancer",
            "location": "westeurope",
            "name": "LoadBalancer",
            "private_ip_address": "",
            "private_ip_addresses": [],
            "resource_group_name": "nordcloud_assignment",
            "sku": "Basic",
            "tags": {},
            "timeouts": null
          },
          "sensitive_attributes": [],
          "private": "eyJlMmJmYjczMC1lY2FhLTExZTYtOGY4OC0zNDM2M2JjN2M0YzAiOnsiY3JlYXRlIjoxODAwMDAwMDAwMDAwLCJkZWxldGUiOjE4MDAwMDAwMDAwMDAsInJlYWQiOjMwMDAwMDAwMDAwMCwidXBkYXRlIjoxODAwMDAwMDAwMDAwfX0=",
          "dependencies": [
            "azurerm_public_ip.lbpip",
            "azurerm_resource_group.rg"
          ]
        }
      ]
    },
    {
      "mode": "managed",
      "type": "azurerm_lb",
      "name": "lb2",
      "provider": "provider[\"registry.terraform.io/hashicorp/azurerm\"]",
      "instances": [
        {
          "schema_version": 0,
          "attributes": {
            "frontend_ip_configuration": [
              {
                "id": "/subscriptions/9959be41-5330-415e-8fb0-4709f25ccaec/resourceGroups/nordcloud_assignment2/providers/Microsoft.Network/loadBalancers/LoadBalancer2/frontendIPConfigurations/PublicIPAddress",
                "inbound_nat_rules": [],
                "load_balancer_rules": [
                  "/subscriptions/9959be41-5330-415e-8fb0-4709f25ccaec/resourceGroups/nordcloud_assignment2/providers/Microsoft.Network/loadBalancers/LoadBalancer2/loadBalancingRules/http"
                ],
                "name": "PublicIPAddress",
                "outbound_rules": [],
                "private_ip_address": "",
                "private_ip_address_allocation": "Dynamic",
                "private_ip_address_version": "IPv4",
                "public_ip_address_id": "/subscriptions/9959be41-5330-415e-8fb0-4709f25ccaec/resourceGroups/nordcloud_assignment2/providers/Microsoft.Network/publicIPAddresses/PublicIPForLB2",
                "public_ip_prefix_id": "",
                "subnet_id": "",
                "zones": []
              }
            ],
            "id": "/subscriptions/9959be41-5330-415e-8fb0-4709f25ccaec/resourceGroups/nordcloud_assignment2/providers/Microsoft.Network/loadBalancers/LoadBalancer2",
            "location": "northeurope",
            "name": "LoadBalancer2",
            "private_ip_address": "",
            "private_ip_addresses": [],
            "resource_group_name": "nordcloud_assignment2",
            "sku": "Basic",
            "tags": {},
            "timeouts": null
          },
          "sensitive_attributes": [],
          "private": "eyJlMmJmYjczMC1lY2FhLTExZTYtOGY4OC0zNDM2M2JjN2M0YzAiOnsiY3JlYXRlIjoxODAwMDAwMDAwMDAwLCJkZWxldGUiOjE4MDAwMDAwMDAwMDAsInJlYWQiOjMwMDAwMDAwMDAwMCwidXBkYXRlIjoxODAwMDAwMDAwMDAwfX0=",
          "dependencies": [
            "azurerm_public_ip.lbpip2",
            "azurerm_resource_group.rg2"
          ]
        }
      ]
    },
    {
      "mode": "managed",
      "type": "azurerm_lb_backend_address_pool",
      "name": "bpepool",
      "provider": "provider[\"registry.terraform.io/hashicorp/azurerm\"]",
      "instances": [
        {
          "schema_version": 0,
          "attributes": {
            "backend_ip_configurations": [
              "/subscriptions/9959be41-5330-415e-8fb0-4709f25ccaec/resourceGroups/nordcloud_assignment/providers/Microsoft.Compute/virtualMachineScaleSets/notejamvmss/virtualMachines/0/networkInterfaces/nic/ipConfigurations/internal"
            ],
            "id": "/subscriptions/9959be41-5330-415e-8fb0-4709f25ccaec/resourceGroups/nordcloud_assignment/providers/Microsoft.Network/loadBalancers/LoadBalancer/backendAddressPools/BackEndAddressPool",
            "load_balancing_rules": [
              "/subscriptions/9959be41-5330-415e-8fb0-4709f25ccaec/resourceGroups/nordcloud_assignment/providers/Microsoft.Network/loadBalancers/LoadBalancer/loadBalancingRules/http"
            ],
            "loadbalancer_id": "/subscriptions/9959be41-5330-415e-8fb0-4709f25ccaec/resourceGroups/nordcloud_assignment/providers/Microsoft.Network/loadBalancers/LoadBalancer",
            "name": "BackEndAddressPool",
            "resource_group_name": "nordcloud_assignment",
            "timeouts": null
          },
          "sensitive_attributes": [],
          "private": "eyJlMmJmYjczMC1lY2FhLTExZTYtOGY4OC0zNDM2M2JjN2M0YzAiOnsiY3JlYXRlIjoxODAwMDAwMDAwMDAwLCJkZWxldGUiOjE4MDAwMDAwMDAwMDAsInJlYWQiOjMwMDAwMDAwMDAwMCwidXBkYXRlIjoxODAwMDAwMDAwMDAwfX0=",
          "dependencies": [
            "azurerm_lb.lb",
            "azurerm_public_ip.lbpip",
            "azurerm_resource_group.rg"
          ]
        }
      ]
    },
    {
      "mode": "managed",
      "type": "azurerm_lb_backend_address_pool",
      "name": "bpepool2",
      "provider": "provider[\"registry.terraform.io/hashicorp/azurerm\"]",
      "instances": [
        {
          "schema_version": 0,
          "attributes": {
            "backend_ip_configurations": [
              "/subscriptions/9959be41-5330-415e-8fb0-4709f25ccaec/resourceGroups/nordcloud_assignment2/providers/Microsoft.Compute/virtualMachineScaleSets/notejamvmss2/virtualMachines/1/networkInterfaces/nic2/ipConfigurations/internal"
            ],
            "id": "/subscriptions/9959be41-5330-415e-8fb0-4709f25ccaec/resourceGroups/nordcloud_assignment2/providers/Microsoft.Network/loadBalancers/LoadBalancer2/backendAddressPools/BackEndAddressPool",
            "load_balancing_rules": [
              "/subscriptions/9959be41-5330-415e-8fb0-4709f25ccaec/resourceGroups/nordcloud_assignment2/providers/Microsoft.Network/loadBalancers/LoadBalancer2/loadBalancingRules/http"
            ],
            "loadbalancer_id": "/subscriptions/9959be41-5330-415e-8fb0-4709f25ccaec/resourceGroups/nordcloud_assignment2/providers/Microsoft.Network/loadBalancers/LoadBalancer2",
            "name": "BackEndAddressPool",
            "resource_group_name": "nordcloud_assignment2",
            "timeouts": null
          },
          "sensitive_attributes": [],
          "private": "eyJlMmJmYjczMC1lY2FhLTExZTYtOGY4OC0zNDM2M2JjN2M0YzAiOnsiY3JlYXRlIjoxODAwMDAwMDAwMDAwLCJkZWxldGUiOjE4MDAwMDAwMDAwMDAsInJlYWQiOjMwMDAwMDAwMDAwMCwidXBkYXRlIjoxODAwMDAwMDAwMDAwfX0=",
          "dependencies": [
            "azurerm_lb.lb2",
            "azurerm_public_ip.lbpip2",
            "azurerm_resource_group.rg2"
          ]
        }
      ]
    },
    {
      "mode": "managed",
      "type": "azurerm_lb_probe",
      "name": "vmss",
      "provider": "provider[\"registry.terraform.io/hashicorp/azurerm\"]",
      "instances": [
        {
          "schema_version": 0,
          "attributes": {
            "id": "/subscriptions/9959be41-5330-415e-8fb0-4709f25ccaec/resourceGroups/nordcloud_assignment/providers/Microsoft.Network/loadBalancers/LoadBalancer/probes/http-running-probe",
            "interval_in_seconds": 15,
            "load_balancer_rules": [
              "/subscriptions/9959be41-5330-415e-8fb0-4709f25ccaec/resourceGroups/nordcloud_assignment/providers/Microsoft.Network/loadBalancers/LoadBalancer/loadBalancingRules/http"
            ],
            "loadbalancer_id": "/subscriptions/9959be41-5330-415e-8fb0-4709f25ccaec/resourceGroups/nordcloud_assignment/providers/Microsoft.Network/loadBalancers/LoadBalancer",
            "name": "http-running-probe",
            "number_of_probes": 2,
            "port": 80,
            "protocol": "Tcp",
            "request_path": "",
            "resource_group_name": "nordcloud_assignment",
            "timeouts": null
          },
          "sensitive_attributes": [],
          "private": "eyJlMmJmYjczMC1lY2FhLTExZTYtOGY4OC0zNDM2M2JjN2M0YzAiOnsiY3JlYXRlIjoxODAwMDAwMDAwMDAwLCJkZWxldGUiOjE4MDAwMDAwMDAwMDAsInJlYWQiOjMwMDAwMDAwMDAwMCwidXBkYXRlIjoxODAwMDAwMDAwMDAwfX0=",
          "dependencies": [
            "azurerm_lb.lb",
            "azurerm_public_ip.lbpip",
            "azurerm_resource_group.rg"
          ]
        }
      ]
    },
    {
      "mode": "managed",
      "type": "azurerm_lb_probe",
      "name": "vmss2",
      "provider": "provider[\"registry.terraform.io/hashicorp/azurerm\"]",
      "instances": [
        {
          "schema_version": 0,
          "attributes": {
            "id": "/subscriptions/9959be41-5330-415e-8fb0-4709f25ccaec/resourceGroups/nordcloud_assignment2/providers/Microsoft.Network/loadBalancers/LoadBalancer2/probes/http-running-probe",
            "interval_in_seconds": 15,
            "load_balancer_rules": [
              "/subscriptions/9959be41-5330-415e-8fb0-4709f25ccaec/resourceGroups/nordcloud_assignment2/providers/Microsoft.Network/loadBalancers/LoadBalancer2/loadBalancingRules/http"
            ],
            "loadbalancer_id": "/subscriptions/9959be41-5330-415e-8fb0-4709f25ccaec/resourceGroups/nordcloud_assignment2/providers/Microsoft.Network/loadBalancers/LoadBalancer2",
            "name": "http-running-probe",
            "number_of_probes": 2,
            "port": 80,
            "protocol": "Tcp",
            "request_path": "",
            "resource_group_name": "nordcloud_assignment2",
            "timeouts": null
          },
          "sensitive_attributes": [],
          "private": "eyJlMmJmYjczMC1lY2FhLTExZTYtOGY4OC0zNDM2M2JjN2M0YzAiOnsiY3JlYXRlIjoxODAwMDAwMDAwMDAwLCJkZWxldGUiOjE4MDAwMDAwMDAwMDAsInJlYWQiOjMwMDAwMDAwMDAwMCwidXBkYXRlIjoxODAwMDAwMDAwMDAwfX0=",
          "dependencies": [
            "azurerm_lb.lb2",
            "azurerm_public_ip.lbpip2",
            "azurerm_resource_group.rg2"
          ]
        }
      ]
    },
    {
      "mode": "managed",
      "type": "azurerm_lb_rule",
      "name": "lbnatrule",
      "provider": "provider[\"registry.terraform.io/hashicorp/azurerm\"]",
      "instances": [
        {
          "schema_version": 0,
          "attributes": {
            "backend_address_pool_id": "/subscriptions/9959be41-5330-415e-8fb0-4709f25ccaec/resourceGroups/nordcloud_assignment/providers/Microsoft.Network/loadBalancers/LoadBalancer/backendAddressPools/BackEndAddressPool",
            "backend_port": 80,
            "disable_outbound_snat": false,
            "enable_floating_ip": false,
            "enable_tcp_reset": false,
            "frontend_ip_configuration_id": "/subscriptions/9959be41-5330-415e-8fb0-4709f25ccaec/resourceGroups/nordcloud_assignment/providers/Microsoft.Network/loadBalancers/LoadBalancer/frontendIPConfigurations/PublicIPAddress",
            "frontend_ip_configuration_name": "PublicIPAddress",
            "frontend_port": 80,
            "id": "/subscriptions/9959be41-5330-415e-8fb0-4709f25ccaec/resourceGroups/nordcloud_assignment/providers/Microsoft.Network/loadBalancers/LoadBalancer/loadBalancingRules/http",
            "idle_timeout_in_minutes": 4,
            "load_distribution": "Default",
            "loadbalancer_id": "/subscriptions/9959be41-5330-415e-8fb0-4709f25ccaec/resourceGroups/nordcloud_assignment/providers/Microsoft.Network/loadBalancers/LoadBalancer",
            "name": "http",
            "probe_id": "/subscriptions/9959be41-5330-415e-8fb0-4709f25ccaec/resourceGroups/nordcloud_assignment/providers/Microsoft.Network/loadBalancers/LoadBalancer/probes/http-running-probe",
            "protocol": "Tcp",
            "resource_group_name": "nordcloud_assignment",
            "timeouts": null
          },
          "sensitive_attributes": [],
          "private": "eyJlMmJmYjczMC1lY2FhLTExZTYtOGY4OC0zNDM2M2JjN2M0YzAiOnsiY3JlYXRlIjoxODAwMDAwMDAwMDAwLCJkZWxldGUiOjE4MDAwMDAwMDAwMDAsInJlYWQiOjMwMDAwMDAwMDAwMCwidXBkYXRlIjoxODAwMDAwMDAwMDAwfX0=",
          "dependencies": [
            "azurerm_lb.lb",
            "azurerm_lb_backend_address_pool.bpepool",
            "azurerm_lb_probe.vmss",
            "azurerm_public_ip.lbpip",
            "azurerm_resource_group.rg"
          ]
        }
      ]
    },
    {
      "mode": "managed",
      "type": "azurerm_lb_rule",
      "name": "lbnatrule2",
      "provider": "provider[\"registry.terraform.io/hashicorp/azurerm\"]",
      "instances": [
        {
          "schema_version": 0,
          "attributes": {
            "backend_address_pool_id": "/subscriptions/9959be41-5330-415e-8fb0-4709f25ccaec/resourceGroups/nordcloud_assignment2/providers/Microsoft.Network/loadBalancers/LoadBalancer2/backendAddressPools/BackEndAddressPool",
            "backend_port": 80,
            "disable_outbound_snat": false,
            "enable_floating_ip": false,
            "enable_tcp_reset": false,
            "frontend_ip_configuration_id": "/subscriptions/9959be41-5330-415e-8fb0-4709f25ccaec/resourceGroups/nordcloud_assignment2/providers/Microsoft.Network/loadBalancers/LoadBalancer2/frontendIPConfigurations/PublicIPAddress",
            "frontend_ip_configuration_name": "PublicIPAddress",
            "frontend_port": 80,
            "id": "/subscriptions/9959be41-5330-415e-8fb0-4709f25ccaec/resourceGroups/nordcloud_assignment2/providers/Microsoft.Network/loadBalancers/LoadBalancer2/loadBalancingRules/http",
            "idle_timeout_in_minutes": 4,
            "load_distribution": "Default",
            "loadbalancer_id": "/subscriptions/9959be41-5330-415e-8fb0-4709f25ccaec/resourceGroups/nordcloud_assignment2/providers/Microsoft.Network/loadBalancers/LoadBalancer2",
            "name": "http",
            "probe_id": "/subscriptions/9959be41-5330-415e-8fb0-4709f25ccaec/resourceGroups/nordcloud_assignment2/providers/Microsoft.Network/loadBalancers/LoadBalancer2/probes/http-running-probe",
            "protocol": "Tcp",
            "resource_group_name": "nordcloud_assignment2",
            "timeouts": null
          },
          "sensitive_attributes": [],
          "private": "eyJlMmJmYjczMC1lY2FhLTExZTYtOGY4OC0zNDM2M2JjN2M0YzAiOnsiY3JlYXRlIjoxODAwMDAwMDAwMDAwLCJkZWxldGUiOjE4MDAwMDAwMDAwMDAsInJlYWQiOjMwMDAwMDAwMDAwMCwidXBkYXRlIjoxODAwMDAwMDAwMDAwfX0=",
          "dependencies": [
            "azurerm_lb.lb2",
            "azurerm_lb_backend_address_pool.bpepool2",
            "azurerm_lb_probe.vmss2",
            "azurerm_public_ip.lbpip2",
            "azurerm_resource_group.rg2"
          ]
        }
      ]
    },
    {
      "mode": "managed",
      "type": "azurerm_linux_virtual_machine_scale_set",
      "name": "vmss",
      "provider": "provider[\"registry.terraform.io/hashicorp/azurerm\"]",
      "instances": [
        {
          "schema_version": 0,
          "attributes": {
            "additional_capabilities": [],
            "admin_password": "Nordclouder1!",
            "admin_ssh_key": [],
            "admin_username": "Nordcloud",
            "automatic_instance_repair": [
              {
                "enabled": false,
                "grace_period": "PT30M"
              }
            ],
            "automatic_os_upgrade_policy": [],
            "boot_diagnostics": [],
            "computer_name_prefix": "notejamvmss",
            "custom_data": null,
            "data_disk": [],
            "disable_password_authentication": false,
            "do_not_run_extensions_on_overprovisioned_machines": false,
            "encryption_at_host_enabled": false,
            "eviction_policy": "",
            "extension": [],
            "extensions_time_budget": "PT1H30M",
            "health_probe_id": "",
            "id": "/subscriptions/9959be41-5330-415e-8fb0-4709f25ccaec/resourceGroups/nordcloud_assignment/providers/Microsoft.Compute/virtualMachineScaleSets/notejamvmss",
            "identity": [],
            "instances": 1,
            "location": "westeurope",
            "max_bid_price": -1,
            "name": "notejamvmss",
            "network_interface": [
              {
                "dns_servers": [],
                "enable_accelerated_networking": false,
                "enable_ip_forwarding": false,
                "ip_configuration": [
                  {
                    "application_gateway_backend_address_pool_ids": [],
                    "application_security_group_ids": [],
                    "load_balancer_backend_address_pool_ids": [
                      "/subscriptions/9959be41-5330-415e-8fb0-4709f25ccaec/resourceGroups/nordcloud_assignment/providers/Microsoft.Network/loadBalancers/LoadBalancer/backendAddressPools/BackEndAddressPool"
                    ],
                    "load_balancer_inbound_nat_rules_ids": [],
                    "name": "internal",
                    "primary": true,
                    "public_ip_address": [],
                    "subnet_id": "/subscriptions/9959be41-5330-415e-8fb0-4709f25ccaec/resourceGroups/nordcloud_assignment/providers/Microsoft.Network/virtualNetworks/vmnetwork/subnets/internal",
                    "version": "IPv4"
                  }
                ],
                "name": "nic",
                "network_security_group_id": "",
                "primary": true
              }
            ],
            "os_disk": [
              {
                "caching": "ReadWrite",
                "diff_disk_settings": [],
                "disk_encryption_set_id": "",
                "disk_size_gb": 30,
                "storage_account_type": "Standard_LRS",
                "write_accelerator_enabled": false
              }
            ],
            "overprovision": true,
            "plan": [],
            "platform_fault_domain_count": 0,
            "priority": "Regular",
            "provision_vm_agent": true,
            "proximity_placement_group_id": "",
            "resource_group_name": "nordcloud_assignment",
            "rolling_upgrade_policy": [],
            "scale_in_policy": "Default",
            "secret": [],
            "single_placement_group": true,
            "sku": "Standard_B1ms",
            "source_image_id": "",
            "source_image_reference": [
              {
                "offer": "UbuntuServer",
                "publisher": "Canonical",
                "sku": "18.04-LTS",
                "version": "latest"
              }
            ],
            "tags": {},
            "terminate_notification": [],
            "timeouts": null,
            "unique_id": "51e6b39e-d8b7-467b-b175-5f682e27db12",
            "upgrade_mode": "Manual",
            "zone_balance": false,
            "zones": []
          },
          "sensitive_attributes": [],
          "private": "eyJlMmJmYjczMC1lY2FhLTExZTYtOGY4OC0zNDM2M2JjN2M0YzAiOnsiY3JlYXRlIjoxODAwMDAwMDAwMDAwLCJkZWxldGUiOjE4MDAwMDAwMDAwMDAsInJlYWQiOjMwMDAwMDAwMDAwMCwidXBkYXRlIjozNjAwMDAwMDAwMDAwfX0=",
          "dependencies": [
            "azurerm_lb.lb",
            "azurerm_lb_backend_address_pool.bpepool",
            "azurerm_public_ip.lbpip",
            "azurerm_resource_group.rg",
            "azurerm_subnet.snet",
            "azurerm_virtual_network.vnet"
          ]
        }
      ]
    },
    {
      "mode": "managed",
      "type": "azurerm_linux_virtual_machine_scale_set",
      "name": "vmss2",
      "provider": "provider[\"registry.terraform.io/hashicorp/azurerm\"]",
      "instances": [
        {
          "schema_version": 0,
          "attributes": {
            "additional_capabilities": [],
            "admin_password": "Nordclouder1!",
            "admin_ssh_key": [],
            "admin_username": "Nordcloud",
            "automatic_instance_repair": [
              {
                "enabled": false,
                "grace_period": "PT30M"
              }
            ],
            "automatic_os_upgrade_policy": [],
            "boot_diagnostics": [],
            "computer_name_prefix": "notejamvmss2",
            "custom_data": null,
            "data_disk": [],
            "disable_password_authentication": false,
            "do_not_run_extensions_on_overprovisioned_machines": false,
            "encryption_at_host_enabled": false,
            "eviction_policy": "",
            "extension": [],
            "extensions_time_budget": "PT1H30M",
            "health_probe_id": "",
            "id": "/subscriptions/9959be41-5330-415e-8fb0-4709f25ccaec/resourceGroups/nordcloud_assignment2/providers/Microsoft.Compute/virtualMachineScaleSets/notejamvmss2",
            "identity": [],
            "instances": 1,
            "location": "northeurope",
            "max_bid_price": -1,
            "name": "notejamvmss2",
            "network_interface": [
              {
                "dns_servers": [],
                "enable_accelerated_networking": false,
                "enable_ip_forwarding": false,
                "ip_configuration": [
                  {
                    "application_gateway_backend_address_pool_ids": [],
                    "application_security_group_ids": [],
                    "load_balancer_backend_address_pool_ids": [
                      "/subscriptions/9959be41-5330-415e-8fb0-4709f25ccaec/resourceGroups/nordcloud_assignment2/providers/Microsoft.Network/loadBalancers/LoadBalancer2/backendAddressPools/BackEndAddressPool"
                    ],
                    "load_balancer_inbound_nat_rules_ids": [],
                    "name": "internal",
                    "primary": true,
                    "public_ip_address": [],
                    "subnet_id": "/subscriptions/9959be41-5330-415e-8fb0-4709f25ccaec/resourceGroups/nordcloud_assignment2/providers/Microsoft.Network/virtualNetworks/vmnetwork/subnets/internal",
                    "version": "IPv4"
                  }
                ],
                "name": "nic2",
                "network_security_group_id": "",
                "primary": true
              }
            ],
            "os_disk": [
              {
                "caching": "ReadWrite",
                "diff_disk_settings": [],
                "disk_encryption_set_id": "",
                "disk_size_gb": 30,
                "storage_account_type": "Standard_LRS",
                "write_accelerator_enabled": false
              }
            ],
            "overprovision": true,
            "plan": [],
            "platform_fault_domain_count": 0,
            "priority": "Regular",
            "provision_vm_agent": true,
            "proximity_placement_group_id": "",
            "resource_group_name": "nordcloud_assignment2",
            "rolling_upgrade_policy": [],
            "scale_in_policy": "Default",
            "secret": [],
            "single_placement_group": true,
            "sku": "Standard_B1ms",
            "source_image_id": "",
            "source_image_reference": [
              {
                "offer": "UbuntuServer",
                "publisher": "Canonical",
                "sku": "18.04-LTS",
                "version": "latest"
              }
            ],
            "tags": {},
            "terminate_notification": [],
            "timeouts": null,
            "unique_id": "07fd9ace-8d02-48be-a4e8-9f2e68678e90",
            "upgrade_mode": "Manual",
            "zone_balance": false,
            "zones": []
          },
          "sensitive_attributes": [],
          "private": "eyJlMmJmYjczMC1lY2FhLTExZTYtOGY4OC0zNDM2M2JjN2M0YzAiOnsiY3JlYXRlIjoxODAwMDAwMDAwMDAwLCJkZWxldGUiOjE4MDAwMDAwMDAwMDAsInJlYWQiOjMwMDAwMDAwMDAwMCwidXBkYXRlIjozNjAwMDAwMDAwMDAwfX0=",
          "dependencies": [
            "azurerm_lb.lb2",
            "azurerm_lb_backend_address_pool.bpepool2",
            "azurerm_public_ip.lbpip2",
            "azurerm_resource_group.rg2",
            "azurerm_subnet.snet2",
            "azurerm_virtual_network.vnet2"
          ]
        }
      ]
    },
    {
      "mode": "managed",
      "type": "azurerm_monitor_autoscale_setting",
      "name": "lbautoscale",
      "provider": "provider[\"registry.terraform.io/hashicorp/azurerm\"]",
      "instances": [
        {
          "schema_version": 0,
          "attributes": {
            "enabled": true,
            "id": "/subscriptions/9959be41-5330-415e-8fb0-4709f25ccaec/resourceGroups/nordcloud_assignment/providers/microsoft.insights/autoscalesettings/lbautoscale",
            "location": "westeurope",
            "name": "lbautoscale",
            "notification": [
              {
                "email": [
                  {
                    "custom_emails": [],
                    "send_to_subscription_administrator": true,
                    "send_to_subscription_co_administrator": true
                  }
                ],
                "webhook": []
              }
            ],
            "profile": [
              {
                "capacity": [
                  {
                    "default": 1,
                    "maximum": 10,
                    "minimum": 1
                  }
                ],
                "fixed_date": [],
                "name": "defaultProfile",
                "recurrence": [],
                "rule": [
                  {
                    "metric_trigger": [
                      {
                        "dimensions": [],
                        "metric_name": "Percentage CPU",
                        "metric_namespace": "microsoft.compute/virtualmachinescalesets",
                        "metric_resource_id": "/subscriptions/9959be41-5330-415e-8fb0-4709f25ccaec/resourceGroups/nordcloud_assignment/providers/Microsoft.Compute/virtualMachineScaleSets/notejamvmss",
                        "operator": "GreaterThan",
                        "statistic": "Average",
                        "threshold": 75,
                        "time_aggregation": "Average",
                        "time_grain": "PT1M",
                        "time_window": "PT5M"
                      }
                    ],
                    "scale_action": [
                      {
                        "cooldown": "PT1M",
                        "direction": "Increase",
                        "type": "ChangeCount",
                        "value": 1
                      }
                    ]
                  },
                  {
                    "metric_trigger": [
                      {
                        "dimensions": [],
                        "metric_name": "Percentage CPU",
                        "metric_namespace": "",
                        "metric_resource_id": "/subscriptions/9959be41-5330-415e-8fb0-4709f25ccaec/resourceGroups/nordcloud_assignment/providers/Microsoft.Compute/virtualMachineScaleSets/notejamvmss",
                        "operator": "LessThan",
                        "statistic": "Average",
                        "threshold": 25,
                        "time_aggregation": "Average",
                        "time_grain": "PT1M",
                        "time_window": "PT5M"
                      }
                    ],
                    "scale_action": [
                      {
                        "cooldown": "PT1M",
                        "direction": "Decrease",
                        "type": "ChangeCount",
                        "value": 1
                      }
                    ]
                  }
                ]
              }
            ],
            "resource_group_name": "nordcloud_assignment",
            "tags": {},
            "target_resource_id": "/subscriptions/9959be41-5330-415e-8fb0-4709f25ccaec/resourceGroups/nordcloud_assignment/providers/Microsoft.Compute/virtualMachineScaleSets/notejamvmss",
            "timeouts": null
          },
          "sensitive_attributes": [],
          "private": "eyJlMmJmYjczMC1lY2FhLTExZTYtOGY4OC0zNDM2M2JjN2M0YzAiOnsiY3JlYXRlIjoxODAwMDAwMDAwMDAwLCJkZWxldGUiOjE4MDAwMDAwMDAwMDAsInJlYWQiOjMwMDAwMDAwMDAwMCwidXBkYXRlIjoxODAwMDAwMDAwMDAwfX0=",
          "dependencies": [
            "azurerm_lb.lb",
            "azurerm_lb_backend_address_pool.bpepool",
            "azurerm_linux_virtual_machine_scale_set.vmss",
            "azurerm_public_ip.lbpip",
            "azurerm_resource_group.rg",
            "azurerm_subnet.snet",
            "azurerm_virtual_network.vnet"
          ]
        }
      ]
    },
    {
      "mode": "managed",
      "type": "azurerm_monitor_autoscale_setting",
      "name": "lbautoscale2",
      "provider": "provider[\"registry.terraform.io/hashicorp/azurerm\"]",
      "instances": [
        {
          "schema_version": 0,
          "attributes": {
            "enabled": true,
            "id": "/subscriptions/9959be41-5330-415e-8fb0-4709f25ccaec/resourceGroups/nordcloud_assignment2/providers/microsoft.insights/autoscalesettings/lbautoscale2",
            "location": "northeurope",
            "name": "lbautoscale2",
            "notification": [
              {
                "email": [
                  {
                    "custom_emails": [],
                    "send_to_subscription_administrator": true,
                    "send_to_subscription_co_administrator": true
                  }
                ],
                "webhook": []
              }
            ],
            "profile": [
              {
                "capacity": [
                  {
                    "default": 1,
                    "maximum": 10,
                    "minimum": 1
                  }
                ],
                "fixed_date": [],
                "name": "defaultProfile",
                "recurrence": [],
                "rule": [
                  {
                    "metric_trigger": [
                      {
                        "dimensions": [],
                        "metric_name": "Percentage CPU",
                        "metric_namespace": "microsoft.compute/virtualmachinescalesets",
                        "metric_resource_id": "/subscriptions/9959be41-5330-415e-8fb0-4709f25ccaec/resourceGroups/nordcloud_assignment2/providers/Microsoft.Compute/virtualMachineScaleSets/notejamvmss2",
                        "operator": "GreaterThan",
                        "statistic": "Average",
                        "threshold": 75,
                        "time_aggregation": "Average",
                        "time_grain": "PT1M",
                        "time_window": "PT5M"
                      }
                    ],
                    "scale_action": [
                      {
                        "cooldown": "PT1M",
                        "direction": "Increase",
                        "type": "ChangeCount",
                        "value": 1
                      }
                    ]
                  },
                  {
                    "metric_trigger": [
                      {
                        "dimensions": [],
                        "metric_name": "Percentage CPU",
                        "metric_namespace": "",
                        "metric_resource_id": "/subscriptions/9959be41-5330-415e-8fb0-4709f25ccaec/resourceGroups/nordcloud_assignment2/providers/Microsoft.Compute/virtualMachineScaleSets/notejamvmss2",
                        "operator": "LessThan",
                        "statistic": "Average",
                        "threshold": 25,
                        "time_aggregation": "Average",
                        "time_grain": "PT1M",
                        "time_window": "PT5M"
                      }
                    ],
                    "scale_action": [
                      {
                        "cooldown": "PT1M",
                        "direction": "Decrease",
                        "type": "ChangeCount",
                        "value": 1
                      }
                    ]
                  }
                ]
              }
            ],
            "resource_group_name": "nordcloud_assignment2",
            "tags": {},
            "target_resource_id": "/subscriptions/9959be41-5330-415e-8fb0-4709f25ccaec/resourceGroups/nordcloud_assignment2/providers/Microsoft.Compute/virtualMachineScaleSets/notejamvmss2",
            "timeouts": null
          },
          "sensitive_attributes": [],
          "private": "eyJlMmJmYjczMC1lY2FhLTExZTYtOGY4OC0zNDM2M2JjN2M0YzAiOnsiY3JlYXRlIjoxODAwMDAwMDAwMDAwLCJkZWxldGUiOjE4MDAwMDAwMDAwMDAsInJlYWQiOjMwMDAwMDAwMDAwMCwidXBkYXRlIjoxODAwMDAwMDAwMDAwfX0=",
          "dependencies": [
            "azurerm_lb.lb2",
            "azurerm_lb_backend_address_pool.bpepool2",
            "azurerm_linux_virtual_machine_scale_set.vmss2",
            "azurerm_public_ip.lbpip2",
            "azurerm_resource_group.rg2",
            "azurerm_subnet.snet2",
            "azurerm_virtual_network.vnet2"
          ]
        }
      ]
    },
    {
      "mode": "managed",
      "type": "azurerm_network_interface",
      "name": "nic",
      "provider": "provider[\"registry.terraform.io/hashicorp/azurerm\"]",
      "instances": [
        {
          "schema_version": 0,
          "attributes": {
            "applied_dns_servers": [],
            "dns_servers": [],
            "enable_accelerated_networking": false,
            "enable_ip_forwarding": false,
            "id": "/subscriptions/9959be41-5330-415e-8fb0-4709f25ccaec/resourceGroups/nordcloud_assignment/providers/Microsoft.Network/networkInterfaces/nic",
            "internal_dns_name_label": "",
            "internal_domain_name_suffix": "",
            "ip_configuration": [
              {
                "name": "internal",
                "primary": true,
                "private_ip_address": "10.0.1.4",
                "private_ip_address_allocation": "Dynamic",
                "private_ip_address_version": "IPv4",
                "public_ip_address_id": "/subscriptions/9959be41-5330-415e-8fb0-4709f25ccaec/resourceGroups/nordcloud_assignment/providers/Microsoft.Network/publicIPAddresses/vmpip",
                "subnet_id": "/subscriptions/9959be41-5330-415e-8fb0-4709f25ccaec/resourceGroups/nordcloud_assignment/providers/Microsoft.Network/virtualNetworks/vmnetwork/subnets/internal"
              }
            ],
            "location": "westeurope",
            "mac_address": "00-0D-3A-25-92-4E",
            "name": "nic",
            "private_ip_address": "10.0.1.4",
            "private_ip_addresses": [
              "10.0.1.4"
            ],
            "resource_group_name": "nordcloud_assignment",
            "tags": {},
            "timeouts": null,
            "virtual_machine_id": ""
          },
          "sensitive_attributes": [],
          "private": "eyJlMmJmYjczMC1lY2FhLTExZTYtOGY4OC0zNDM2M2JjN2M0YzAiOnsiY3JlYXRlIjoxODAwMDAwMDAwMDAwLCJkZWxldGUiOjE4MDAwMDAwMDAwMDAsInJlYWQiOjMwMDAwMDAwMDAwMCwidXBkYXRlIjoxODAwMDAwMDAwMDAwfX0=",
          "dependencies": [
            "azurerm_public_ip.pip",
            "azurerm_resource_group.rg",
            "azurerm_subnet.snet",
            "azurerm_virtual_network.vnet"
          ]
        }
      ]
    },
    {
      "mode": "managed",
      "type": "azurerm_network_interface",
      "name": "nic2",
      "provider": "provider[\"registry.terraform.io/hashicorp/azurerm\"]",
      "instances": [
        {
          "schema_version": 0,
          "attributes": {
            "applied_dns_servers": [],
            "dns_servers": [],
            "enable_accelerated_networking": false,
            "enable_ip_forwarding": false,
            "id": "/subscriptions/9959be41-5330-415e-8fb0-4709f25ccaec/resourceGroups/nordcloud_assignment2/providers/Microsoft.Network/networkInterfaces/nic2",
            "internal_dns_name_label": "",
            "internal_domain_name_suffix": "kam3pfj31jfuvgsybd3zme4d4e.fx.internal.cloudapp.net",
            "ip_configuration": [
              {
                "name": "internal",
                "primary": true,
                "private_ip_address": "10.0.1.4",
                "private_ip_address_allocation": "Dynamic",
                "private_ip_address_version": "IPv4",
                "public_ip_address_id": "/subscriptions/9959be41-5330-415e-8fb0-4709f25ccaec/resourceGroups/nordcloud_assignment2/providers/Microsoft.Network/publicIPAddresses/vmpip2",
                "subnet_id": "/subscriptions/9959be41-5330-415e-8fb0-4709f25ccaec/resourceGroups/nordcloud_assignment2/providers/Microsoft.Network/virtualNetworks/vmnetwork/subnets/internal"
              }
            ],
            "location": "northeurope",
            "mac_address": "",
            "name": "nic2",
            "private_ip_address": "10.0.1.4",
            "private_ip_addresses": [
              "10.0.1.4"
            ],
            "resource_group_name": "nordcloud_assignment2",
            "tags": {},
            "timeouts": null,
            "virtual_machine_id": ""
          },
          "sensitive_attributes": [],
          "private": "eyJlMmJmYjczMC1lY2FhLTExZTYtOGY4OC0zNDM2M2JjN2M0YzAiOnsiY3JlYXRlIjoxODAwMDAwMDAwMDAwLCJkZWxldGUiOjE4MDAwMDAwMDAwMDAsInJlYWQiOjMwMDAwMDAwMDAwMCwidXBkYXRlIjoxODAwMDAwMDAwMDAwfX0=",
          "dependencies": [
            "azurerm_public_ip.pip2",
            "azurerm_resource_group.rg2",
            "azurerm_subnet.snet2",
            "azurerm_virtual_network.vnet2"
          ]
        }
      ]
    },
    {
      "mode": "managed",
      "type": "azurerm_network_interface_security_group_association",
      "name": "nicnsg",
      "provider": "provider[\"registry.terraform.io/hashicorp/azurerm\"]",
      "instances": [
        {
          "schema_version": 0,
          "attributes": {
            "id": "/subscriptions/9959be41-5330-415e-8fb0-4709f25ccaec/resourceGroups/nordcloud_assignment/providers/Microsoft.Network/networkInterfaces/nic|/subscriptions/9959be41-5330-415e-8fb0-4709f25ccaec/resourceGroups/nordcloud_assignment/providers/Microsoft.Network/networkSecurityGroups/nsg1",
            "network_interface_id": "/subscriptions/9959be41-5330-415e-8fb0-4709f25ccaec/resourceGroups/nordcloud_assignment/providers/Microsoft.Network/networkInterfaces/nic",
            "network_security_group_id": "/subscriptions/9959be41-5330-415e-8fb0-4709f25ccaec/resourceGroups/nordcloud_assignment/providers/Microsoft.Network/networkSecurityGroups/nsg1",
            "timeouts": null
          },
          "sensitive_attributes": [],
          "private": "eyJlMmJmYjczMC1lY2FhLTExZTYtOGY4OC0zNDM2M2JjN2M0YzAiOnsiY3JlYXRlIjoxODAwMDAwMDAwMDAwLCJkZWxldGUiOjE4MDAwMDAwMDAwMDAsInJlYWQiOjMwMDAwMDAwMDAwMCwidXBkYXRlIjoxODAwMDAwMDAwMDAwfX0=",
          "dependencies": [
            "azurerm_network_interface.nic",
            "azurerm_network_security_group.nsg",
            "azurerm_public_ip.pip",
            "azurerm_resource_group.rg",
            "azurerm_subnet.snet",
            "azurerm_virtual_network.vnet"
          ]
        }
      ]
    },
    {
      "mode": "managed",
      "type": "azurerm_network_interface_security_group_association",
      "name": "nicnsg2",
      "provider": "provider[\"registry.terraform.io/hashicorp/azurerm\"]",
      "instances": [
        {
          "schema_version": 0,
          "attributes": {
            "id": "/subscriptions/9959be41-5330-415e-8fb0-4709f25ccaec/resourceGroups/nordcloud_assignment2/providers/Microsoft.Network/networkInterfaces/nic2|/subscriptions/9959be41-5330-415e-8fb0-4709f25ccaec/resourceGroups/nordcloud_assignment2/providers/Microsoft.Network/networkSecurityGroups/nsg2",
            "network_interface_id": "/subscriptions/9959be41-5330-415e-8fb0-4709f25ccaec/resourceGroups/nordcloud_assignment2/providers/Microsoft.Network/networkInterfaces/nic2",
            "network_security_group_id": "/subscriptions/9959be41-5330-415e-8fb0-4709f25ccaec/resourceGroups/nordcloud_assignment2/providers/Microsoft.Network/networkSecurityGroups/nsg2",
            "timeouts": null
          },
          "sensitive_attributes": [],
          "private": "eyJlMmJmYjczMC1lY2FhLTExZTYtOGY4OC0zNDM2M2JjN2M0YzAiOnsiY3JlYXRlIjoxODAwMDAwMDAwMDAwLCJkZWxldGUiOjE4MDAwMDAwMDAwMDAsInJlYWQiOjMwMDAwMDAwMDAwMCwidXBkYXRlIjoxODAwMDAwMDAwMDAwfX0=",
          "dependencies": [
            "azurerm_network_interface.nic2",
            "azurerm_network_security_group.nsg2",
            "azurerm_public_ip.pip2",
            "azurerm_resource_group.rg2",
            "azurerm_subnet.snet2",
            "azurerm_virtual_network.vnet2"
          ]
        }
      ]
    },
    {
      "mode": "managed",
      "type": "azurerm_network_security_group",
      "name": "nsg",
      "provider": "provider[\"registry.terraform.io/hashicorp/azurerm\"]",
      "instances": [
        {
          "schema_version": 0,
          "attributes": {
            "id": "/subscriptions/9959be41-5330-415e-8fb0-4709f25ccaec/resourceGroups/nordcloud_assignment/providers/Microsoft.Network/networkSecurityGroups/nsg1",
            "location": "westeurope",
            "name": "nsg1",
            "resource_group_name": "nordcloud_assignment",
            "security_rule": [
              {
                "access": "Allow",
                "description": "",
                "destination_address_prefix": "*",
                "destination_address_prefixes": [],
                "destination_application_security_group_ids": [],
                "destination_port_range": "*",
                "destination_port_ranges": [],
                "direction": "Inbound",
                "name": "inbound",
                "priority": 100,
                "protocol": "Tcp",
                "source_address_prefix": "*",
                "source_address_prefixes": [],
                "source_application_security_group_ids": [],
                "source_port_range": "*",
                "source_port_ranges": []
              }
            ],
            "tags": {},
            "timeouts": null
          },
          "sensitive_attributes": [],
          "private": "eyJlMmJmYjczMC1lY2FhLTExZTYtOGY4OC0zNDM2M2JjN2M0YzAiOnsiY3JlYXRlIjoxODAwMDAwMDAwMDAwLCJkZWxldGUiOjE4MDAwMDAwMDAwMDAsInJlYWQiOjMwMDAwMDAwMDAwMCwidXBkYXRlIjoxODAwMDAwMDAwMDAwfX0=",
          "dependencies": [
            "azurerm_resource_group.rg"
          ]
        }
      ]
    },
    {
      "mode": "managed",
      "type": "azurerm_network_security_group",
      "name": "nsg2",
      "provider": "provider[\"registry.terraform.io/hashicorp/azurerm\"]",
      "instances": [
        {
          "schema_version": 0,
          "attributes": {
            "id": "/subscriptions/9959be41-5330-415e-8fb0-4709f25ccaec/resourceGroups/nordcloud_assignment2/providers/Microsoft.Network/networkSecurityGroups/nsg2",
            "location": "northeurope",
            "name": "nsg2",
            "resource_group_name": "nordcloud_assignment2",
            "security_rule": [
              {
                "access": "Allow",
                "description": "",
                "destination_address_prefix": "*",
                "destination_address_prefixes": [],
                "destination_application_security_group_ids": [],
                "destination_port_range": "*",
                "destination_port_ranges": [],
                "direction": "Inbound",
                "name": "inbound",
                "priority": 100,
                "protocol": "Tcp",
                "source_address_prefix": "*",
                "source_address_prefixes": [],
                "source_application_security_group_ids": [],
                "source_port_range": "*",
                "source_port_ranges": []
              }
            ],
            "tags": {},
            "timeouts": null
          },
          "sensitive_attributes": [],
          "private": "eyJlMmJmYjczMC1lY2FhLTExZTYtOGY4OC0zNDM2M2JjN2M0YzAiOnsiY3JlYXRlIjoxODAwMDAwMDAwMDAwLCJkZWxldGUiOjE4MDAwMDAwMDAwMDAsInJlYWQiOjMwMDAwMDAwMDAwMCwidXBkYXRlIjoxODAwMDAwMDAwMDAwfX0=",
          "dependencies": [
            "azurerm_resource_group.rg2"
          ]
        }
      ]
    },
    {
      "mode": "managed",
      "type": "azurerm_public_ip",
      "name": "lbpip",
      "provider": "provider[\"registry.terraform.io/hashicorp/azurerm\"]",
      "instances": [
        {
          "schema_version": 0,
          "attributes": {
            "allocation_method": "Static",
            "domain_name_label": "notejamwe",
            "fqdn": "notejamwe.westeurope.cloudapp.azure.com",
            "id": "/subscriptions/9959be41-5330-415e-8fb0-4709f25ccaec/resourceGroups/nordcloud_assignment/providers/Microsoft.Network/publicIPAddresses/PublicIPForLB",
            "idle_timeout_in_minutes": 4,
            "ip_address": "20.71.136.237",
            "ip_version": "IPv4",
            "location": "westeurope",
            "name": "PublicIPForLB",
            "public_ip_prefix_id": null,
            "resource_group_name": "nordcloud_assignment",
            "reverse_fqdn": "",
            "sku": "Basic",
            "tags": {},
            "timeouts": null,
            "zones": []
          },
          "sensitive_attributes": [],
          "private": "eyJlMmJmYjczMC1lY2FhLTExZTYtOGY4OC0zNDM2M2JjN2M0YzAiOnsiY3JlYXRlIjoxODAwMDAwMDAwMDAwLCJkZWxldGUiOjE4MDAwMDAwMDAwMDAsInJlYWQiOjMwMDAwMDAwMDAwMCwidXBkYXRlIjoxODAwMDAwMDAwMDAwfX0=",
          "dependencies": [
            "azurerm_resource_group.rg"
          ]
        }
      ]
    },
    {
      "mode": "managed",
      "type": "azurerm_public_ip",
      "name": "lbpip2",
      "provider": "provider[\"registry.terraform.io/hashicorp/azurerm\"]",
      "instances": [
        {
          "schema_version": 0,
          "attributes": {
            "allocation_method": "Static",
            "domain_name_label": "notejamne",
            "fqdn": "notejamne.northeurope.cloudapp.azure.com",
            "id": "/subscriptions/9959be41-5330-415e-8fb0-4709f25ccaec/resourceGroups/nordcloud_assignment2/providers/Microsoft.Network/publicIPAddresses/PublicIPForLB2",
            "idle_timeout_in_minutes": 4,
            "ip_address": "52.138.203.86",
            "ip_version": "IPv4",
            "location": "northeurope",
            "name": "PublicIPForLB2",
            "public_ip_prefix_id": null,
            "resource_group_name": "nordcloud_assignment2",
            "reverse_fqdn": "",
            "sku": "Basic",
            "tags": {},
            "timeouts": null,
            "zones": []
          },
          "sensitive_attributes": [],
          "private": "eyJlMmJmYjczMC1lY2FhLTExZTYtOGY4OC0zNDM2M2JjN2M0YzAiOnsiY3JlYXRlIjoxODAwMDAwMDAwMDAwLCJkZWxldGUiOjE4MDAwMDAwMDAwMDAsInJlYWQiOjMwMDAwMDAwMDAwMCwidXBkYXRlIjoxODAwMDAwMDAwMDAwfX0=",
          "dependencies": [
            "azurerm_resource_group.rg2"
          ]
        }
      ]
    },
    {
      "mode": "managed",
      "type": "azurerm_public_ip",
      "name": "pip",
      "provider": "provider[\"registry.terraform.io/hashicorp/azurerm\"]",
      "instances": [
        {
          "schema_version": 0,
          "attributes": {
            "allocation_method": "Static",
            "domain_name_label": null,
            "fqdn": null,
            "id": "/subscriptions/9959be41-5330-415e-8fb0-4709f25ccaec/resourceGroups/nordcloud_assignment/providers/Microsoft.Network/publicIPAddresses/vmpip",
            "idle_timeout_in_minutes": 4,
            "ip_address": "137.116.197.225",
            "ip_version": "IPv4",
            "location": "westeurope",
            "name": "vmpip",
            "public_ip_prefix_id": null,
            "resource_group_name": "nordcloud_assignment",
            "reverse_fqdn": null,
            "sku": "Basic",
            "tags": {},
            "timeouts": null,
            "zones": []
          },
          "sensitive_attributes": [],
          "private": "eyJlMmJmYjczMC1lY2FhLTExZTYtOGY4OC0zNDM2M2JjN2M0YzAiOnsiY3JlYXRlIjoxODAwMDAwMDAwMDAwLCJkZWxldGUiOjE4MDAwMDAwMDAwMDAsInJlYWQiOjMwMDAwMDAwMDAwMCwidXBkYXRlIjoxODAwMDAwMDAwMDAwfX0=",
          "dependencies": [
            "azurerm_resource_group.rg"
          ]
        }
      ]
    },
    {
      "mode": "managed",
      "type": "azurerm_public_ip",
      "name": "pip2",
      "provider": "provider[\"registry.terraform.io/hashicorp/azurerm\"]",
      "instances": [
        {
          "schema_version": 0,
          "attributes": {
            "allocation_method": "Static",
            "domain_name_label": null,
            "fqdn": null,
            "id": "/subscriptions/9959be41-5330-415e-8fb0-4709f25ccaec/resourceGroups/nordcloud_assignment2/providers/Microsoft.Network/publicIPAddresses/vmpip2",
            "idle_timeout_in_minutes": 4,
            "ip_address": "52.138.202.178",
            "ip_version": "IPv4",
            "location": "northeurope",
            "name": "vmpip2",
            "public_ip_prefix_id": null,
            "resource_group_name": "nordcloud_assignment2",
            "reverse_fqdn": null,
            "sku": "Basic",
            "tags": {},
            "timeouts": null,
            "zones": []
          },
          "sensitive_attributes": [],
          "private": "eyJlMmJmYjczMC1lY2FhLTExZTYtOGY4OC0zNDM2M2JjN2M0YzAiOnsiY3JlYXRlIjoxODAwMDAwMDAwMDAwLCJkZWxldGUiOjE4MDAwMDAwMDAwMDAsInJlYWQiOjMwMDAwMDAwMDAwMCwidXBkYXRlIjoxODAwMDAwMDAwMDAwfX0=",
          "dependencies": [
            "azurerm_resource_group.rg2"
          ]
        }
      ]
    },
    {
      "mode": "managed",
      "type": "azurerm_resource_group",
      "name": "rg",
      "provider": "provider[\"registry.terraform.io/hashicorp/azurerm\"]",
      "instances": [
        {
          "schema_version": 0,
          "attributes": {
            "id": "/subscriptions/9959be41-5330-415e-8fb0-4709f25ccaec/resourceGroups/nordcloud_assignment",
            "location": "westeurope",
            "name": "nordcloud_assignment",
            "tags": {},
            "timeouts": null
          },
          "sensitive_attributes": [],
          "private": "eyJlMmJmYjczMC1lY2FhLTExZTYtOGY4OC0zNDM2M2JjN2M0YzAiOnsiY3JlYXRlIjo1NDAwMDAwMDAwMDAwLCJkZWxldGUiOjU0MDAwMDAwMDAwMDAsInJlYWQiOjMwMDAwMDAwMDAwMCwidXBkYXRlIjo1NDAwMDAwMDAwMDAwfX0="
        }
      ]
    },
    {
      "mode": "managed",
      "type": "azurerm_resource_group",
      "name": "rg2",
      "provider": "provider[\"registry.terraform.io/hashicorp/azurerm\"]",
      "instances": [
        {
          "schema_version": 0,
          "attributes": {
            "id": "/subscriptions/9959be41-5330-415e-8fb0-4709f25ccaec/resourceGroups/nordcloud_assignment2",
            "location": "northeurope",
            "name": "nordcloud_assignment2",
            "tags": {},
            "timeouts": null
          },
          "sensitive_attributes": [],
          "private": "eyJlMmJmYjczMC1lY2FhLTExZTYtOGY4OC0zNDM2M2JjN2M0YzAiOnsiY3JlYXRlIjo1NDAwMDAwMDAwMDAwLCJkZWxldGUiOjU0MDAwMDAwMDAwMDAsInJlYWQiOjMwMDAwMDAwMDAwMCwidXBkYXRlIjo1NDAwMDAwMDAwMDAwfX0="
        }
      ]
    },
    {
      "mode": "managed",
      "type": "azurerm_subnet",
      "name": "snet",
      "provider": "provider[\"registry.terraform.io/hashicorp/azurerm\"]",
      "instances": [
        {
          "schema_version": 0,
          "attributes": {
            "address_prefix": "10.0.1.0/24",
            "address_prefixes": [
              "10.0.1.0/24"
            ],
            "delegation": [],
            "enforce_private_link_endpoint_network_policies": false,
            "enforce_private_link_service_network_policies": false,
            "id": "/subscriptions/9959be41-5330-415e-8fb0-4709f25ccaec/resourceGroups/nordcloud_assignment/providers/Microsoft.Network/virtualNetworks/vmnetwork/subnets/internal",
            "name": "internal",
            "resource_group_name": "nordcloud_assignment",
            "service_endpoint_policy_ids": [],
            "service_endpoints": [],
            "timeouts": null,
            "virtual_network_name": "vmnetwork"
          },
          "sensitive_attributes": [],
          "private": "eyJlMmJmYjczMC1lY2FhLTExZTYtOGY4OC0zNDM2M2JjN2M0YzAiOnsiY3JlYXRlIjoxODAwMDAwMDAwMDAwLCJkZWxldGUiOjE4MDAwMDAwMDAwMDAsInJlYWQiOjMwMDAwMDAwMDAwMCwidXBkYXRlIjoxODAwMDAwMDAwMDAwfX0=",
          "dependencies": [
            "azurerm_resource_group.rg",
            "azurerm_virtual_network.vnet"
          ]
        }
      ]
    },
    {
      "mode": "managed",
      "type": "azurerm_subnet",
      "name": "snet2",
      "provider": "provider[\"registry.terraform.io/hashicorp/azurerm\"]",
      "instances": [
        {
          "schema_version": 0,
          "attributes": {
            "address_prefix": "10.0.1.0/24",
            "address_prefixes": [
              "10.0.1.0/24"
            ],
            "delegation": [],
            "enforce_private_link_endpoint_network_policies": false,
            "enforce_private_link_service_network_policies": false,
            "id": "/subscriptions/9959be41-5330-415e-8fb0-4709f25ccaec/resourceGroups/nordcloud_assignment2/providers/Microsoft.Network/virtualNetworks/vmnetwork/subnets/internal",
            "name": "internal",
            "resource_group_name": "nordcloud_assignment2",
            "service_endpoint_policy_ids": [],
            "service_endpoints": [],
            "timeouts": null,
            "virtual_network_name": "vmnetwork"
          },
          "sensitive_attributes": [],
          "private": "eyJlMmJmYjczMC1lY2FhLTExZTYtOGY4OC0zNDM2M2JjN2M0YzAiOnsiY3JlYXRlIjoxODAwMDAwMDAwMDAwLCJkZWxldGUiOjE4MDAwMDAwMDAwMDAsInJlYWQiOjMwMDAwMDAwMDAwMCwidXBkYXRlIjoxODAwMDAwMDAwMDAwfX0=",
          "dependencies": [
            "azurerm_resource_group.rg2",
            "azurerm_virtual_network.vnet2"
          ]
        }
      ]
    },
    {
      "mode": "managed",
      "type": "azurerm_virtual_machine_scale_set_extension",
      "name": "script",
      "provider": "provider[\"registry.terraform.io/hashicorp/azurerm\"]",
      "instances": [
        {
          "schema_version": 0,
          "attributes": {
            "auto_upgrade_minor_version": true,
            "force_update_tag": "",
            "id": "/subscriptions/9959be41-5330-415e-8fb0-4709f25ccaec/resourceGroups/nordcloud_assignment/providers/Microsoft.Compute/virtualMachineScaleSets/notejamvmss/extensions/server",
            "name": "server",
            "protected_settings": null,
            "provision_after_extensions": [],
            "publisher": "Microsoft.Azure.Extensions",
            "settings": "{\"commandToExecute\":\"chmod +x configureServer.sh \\u0026\\u0026 sh configureServer.sh\",\"fileUris\":[\"https://raw.githubusercontent.com/KostaS10/notejam/master/configureServer.sh\"]}",
            "timeouts": null,
            "type": "CustomScript",
            "type_handler_version": "2.0",
            "virtual_machine_scale_set_id": "/subscriptions/9959be41-5330-415e-8fb0-4709f25ccaec/resourceGroups/nordcloud_assignment/providers/Microsoft.Compute/virtualMachineScaleSets/notejamvmss"
          },
          "sensitive_attributes": [],
          "private": "eyJlMmJmYjczMC1lY2FhLTExZTYtOGY4OC0zNDM2M2JjN2M0YzAiOnsiY3JlYXRlIjoxODAwMDAwMDAwMDAwLCJkZWxldGUiOjE4MDAwMDAwMDAwMDAsInJlYWQiOjMwMDAwMDAwMDAwMCwidXBkYXRlIjoxODAwMDAwMDAwMDAwfX0=",
          "dependencies": [
            "azurerm_lb.lb",
            "azurerm_lb_backend_address_pool.bpepool",
            "azurerm_linux_virtual_machine_scale_set.vmss",
            "azurerm_public_ip.lbpip",
            "azurerm_resource_group.rg",
            "azurerm_subnet.snet",
            "azurerm_virtual_network.vnet"
          ]
        }
      ]
    },
    {
      "mode": "managed",
      "type": "azurerm_virtual_machine_scale_set_extension",
      "name": "script2",
      "provider": "provider[\"registry.terraform.io/hashicorp/azurerm\"]",
      "instances": [
        {
          "schema_version": 0,
          "attributes": {
            "auto_upgrade_minor_version": true,
            "force_update_tag": "",
            "id": "/subscriptions/9959be41-5330-415e-8fb0-4709f25ccaec/resourceGroups/nordcloud_assignment2/providers/Microsoft.Compute/virtualMachineScaleSets/notejamvmss2/extensions/server",
            "name": "server",
            "protected_settings": null,
            "provision_after_extensions": [],
            "publisher": "Microsoft.Azure.Extensions",
            "settings": "{\"commandToExecute\":\"chmod +x configureServer.sh \\u0026\\u0026 sh configureServer.sh\",\"fileUris\":[\"https://raw.githubusercontent.com/KostaS10/notejam/master/configureServer.sh\"]}",
            "timeouts": null,
            "type": "CustomScript",
            "type_handler_version": "2.0",
            "virtual_machine_scale_set_id": "/subscriptions/9959be41-5330-415e-8fb0-4709f25ccaec/resourceGroups/nordcloud_assignment2/providers/Microsoft.Compute/virtualMachineScaleSets/notejamvmss2"
          },
          "sensitive_attributes": [],
          "private": "eyJlMmJmYjczMC1lY2FhLTExZTYtOGY4OC0zNDM2M2JjN2M0YzAiOnsiY3JlYXRlIjoxODAwMDAwMDAwMDAwLCJkZWxldGUiOjE4MDAwMDAwMDAwMDAsInJlYWQiOjMwMDAwMDAwMDAwMCwidXBkYXRlIjoxODAwMDAwMDAwMDAwfX0=",
          "dependencies": [
            "azurerm_lb.lb2",
            "azurerm_lb_backend_address_pool.bpepool2",
            "azurerm_linux_virtual_machine_scale_set.vmss2",
            "azurerm_public_ip.lbpip2",
            "azurerm_resource_group.rg2",
            "azurerm_subnet.snet2",
            "azurerm_virtual_network.vnet2"
          ]
        }
      ]
    },
    {
      "mode": "managed",
      "type": "azurerm_virtual_network",
      "name": "vnet",
      "provider": "provider[\"registry.terraform.io/hashicorp/azurerm\"]",
      "instances": [
        {
          "schema_version": 0,
          "attributes": {
            "address_space": [
              "10.0.0.0/16"
            ],
            "bgp_community": "",
            "ddos_protection_plan": [],
            "dns_servers": [],
            "guid": "cdeb004e-280c-4900-bf93-0117409df2d8",
            "id": "/subscriptions/9959be41-5330-415e-8fb0-4709f25ccaec/resourceGroups/nordcloud_assignment/providers/Microsoft.Network/virtualNetworks/vmnetwork",
            "location": "westeurope",
            "name": "vmnetwork",
            "resource_group_name": "nordcloud_assignment",
            "subnet": [
              {
                "address_prefix": "10.0.1.0/24",
                "id": "/subscriptions/9959be41-5330-415e-8fb0-4709f25ccaec/resourceGroups/nordcloud_assignment/providers/Microsoft.Network/virtualNetworks/vmnetwork/subnets/internal",
                "name": "internal",
                "security_group": ""
              }
            ],
            "tags": {},
            "timeouts": null,
            "vm_protection_enabled": false
          },
          "sensitive_attributes": [],
          "private": "eyJlMmJmYjczMC1lY2FhLTExZTYtOGY4OC0zNDM2M2JjN2M0YzAiOnsiY3JlYXRlIjoxODAwMDAwMDAwMDAwLCJkZWxldGUiOjE4MDAwMDAwMDAwMDAsInJlYWQiOjMwMDAwMDAwMDAwMCwidXBkYXRlIjoxODAwMDAwMDAwMDAwfX0=",
          "dependencies": [
            "azurerm_resource_group.rg"
          ]
        }
      ]
    },
    {
      "mode": "managed",
      "type": "azurerm_virtual_network",
      "name": "vnet2",
      "provider": "provider[\"registry.terraform.io/hashicorp/azurerm\"]",
      "instances": [
        {
          "schema_version": 0,
          "attributes": {
            "address_space": [
              "10.0.0.0/16"
            ],
            "bgp_community": "",
            "ddos_protection_plan": [],
            "dns_servers": [],
            "guid": "95d71950-da3d-4a4b-9a58-08fb9613c3f4",
            "id": "/subscriptions/9959be41-5330-415e-8fb0-4709f25ccaec/resourceGroups/nordcloud_assignment2/providers/Microsoft.Network/virtualNetworks/vmnetwork",
            "location": "northeurope",
            "name": "vmnetwork",
            "resource_group_name": "nordcloud_assignment2",
            "subnet": [
              {
                "address_prefix": "10.0.1.0/24",
                "id": "/subscriptions/9959be41-5330-415e-8fb0-4709f25ccaec/resourceGroups/nordcloud_assignment2/providers/Microsoft.Network/virtualNetworks/vmnetwork/subnets/internal",
                "name": "internal",
                "security_group": ""
              }
            ],
            "tags": {},
            "timeouts": null,
            "vm_protection_enabled": false
          },
          "sensitive_attributes": [],
          "private": "eyJlMmJmYjczMC1lY2FhLTExZTYtOGY4OC0zNDM2M2JjN2M0YzAiOnsiY3JlYXRlIjoxODAwMDAwMDAwMDAwLCJkZWxldGUiOjE4MDAwMDAwMDAwMDAsInJlYWQiOjMwMDAwMDAwMDAwMCwidXBkYXRlIjoxODAwMDAwMDAwMDAwfX0=",
          "dependencies": [
            "azurerm_resource_group.rg2"
          ]
        }
      ]
    }
  ]
}
